// !$*UTF8*$!
{
	archiveVersion = 1;
	classes = {
	};
	objectVersion = 46;
	objects = {

/* Begin PBXBuildFile section */
		1D3623260D0F684500981E51 /* SoftModemTerminalAppDelegate.m in Sources */ = {isa = PBXBuildFile; fileRef = 1D3623250D0F684500981E51 /* SoftModemTerminalAppDelegate.m */; };
		1D60589B0D05DD56006BFB54 /* main.m in Sources */ = {isa = PBXBuildFile; fileRef = 29B97316FDCFA39411CA2CEA /* main.m */; };
		1D60589F0D05DD5A006BFB54 /* Foundation.framework in Frameworks */ = {isa = PBXBuildFile; fileRef = 1D30AB110D05D00D00671497 /* Foundation.framework */; };
		1DF5F4E00D08C38300B7A737 /* UIKit.framework in Frameworks */ = {isa = PBXBuildFile; fileRef = 1DF5F4DF0D08C38300B7A737 /* UIKit.framework */; };
		22B0CEB0125059C3006E4256 /* Default.png in Resources */ = {isa = PBXBuildFile; fileRef = 22B0CEA3125059C3006E4256 /* Default.png */; };
		22B0CEB1125059C3006E4256 /* Default@2x.png in Resources */ = {isa = PBXBuildFile; fileRef = 22B0CEA4125059C3006E4256 /* Default@2x.png */; };
		22B0CEB2125059C3006E4256 /* Icon.png in Resources */ = {isa = PBXBuildFile; fileRef = 22B0CEA5125059C3006E4256 /* Icon.png */; };
		22B0CEB3125059C3006E4256 /* Icon@2x.png in Resources */ = {isa = PBXBuildFile; fileRef = 22B0CEA6125059C3006E4256 /* Icon@2x.png */; };
		22B0CEB4125059C3006E4256 /* blue.png in Resources */ = {isa = PBXBuildFile; fileRef = 22B0CEA8125059C3006E4256 /* blue.png */; };
		22B0CEB5125059C3006E4256 /* cyan.png in Resources */ = {isa = PBXBuildFile; fileRef = 22B0CEA9125059C3006E4256 /* cyan.png */; };
		22B0CEB6125059C3006E4256 /* dkgray.png in Resources */ = {isa = PBXBuildFile; fileRef = 22B0CEAA125059C3006E4256 /* dkgray.png */; };
		22B0CEB7125059C3006E4256 /* gray.png in Resources */ = {isa = PBXBuildFile; fileRef = 22B0CEAB125059C3006E4256 /* gray.png */; };
		22B0CEB8125059C3006E4256 /* green.png in Resources */ = {isa = PBXBuildFile; fileRef = 22B0CEAC125059C3006E4256 /* green.png */; };
		22B0CEB9125059C3006E4256 /* purple.png in Resources */ = {isa = PBXBuildFile; fileRef = 22B0CEAD125059C3006E4256 /* purple.png */; };
		22B0CEBA125059C3006E4256 /* red.png in Resources */ = {isa = PBXBuildFile; fileRef = 22B0CEAE125059C3006E4256 /* red.png */; };
		22B0CEBB125059C3006E4256 /* yellow.png in Resources */ = {isa = PBXBuildFile; fileRef = 22B0CEAF125059C3006E4256 /* yellow.png */; };
		280E754E0DD40C5E005A515E /* MainView.xib in Resources */ = {isa = PBXBuildFile; fileRef = 280E754B0DD40C5E005A515E /* MainView.xib */; };
		280E754F0DD40C5E005A515E /* MainWindow.xib in Resources */ = {isa = PBXBuildFile; fileRef = 280E754C0DD40C5E005A515E /* MainWindow.xib */; };
		288765590DF743DE002DB57D /* CoreGraphics.framework in Frameworks */ = {isa = PBXBuildFile; fileRef = 288765580DF743DE002DB57D /* CoreGraphics.framework */; };
		289233AE0DB2D0DB0083E9F9 /* MainViewController.m in Sources */ = {isa = PBXBuildFile; fileRef = 289233A90DB2D0DB0083E9F9 /* MainViewController.m */; };
		7000540711E5FD1200ED71EB /* AVFoundation.framework in Frameworks */ = {isa = PBXBuildFile; fileRef = 7000540611E5FD1200ED71EB /* AVFoundation.framework */; };
		702E1D02118D265F00141E6A /* AudioQueueObject.m in Sources */ = {isa = PBXBuildFile; fileRef = 702E1CF5118D265F00141E6A /* AudioQueueObject.m */; };
		702E1D03118D265F00141E6A /* AudioSignalAnalyzer.m in Sources */ = {isa = PBXBuildFile; fileRef = 702E1CF7118D265F00141E6A /* AudioSignalAnalyzer.m */; };
		702E1D04118D265F00141E6A /* AudioSignalGenerator.m in Sources */ = {isa = PBXBuildFile; fileRef = 702E1CF9118D265F00141E6A /* AudioSignalGenerator.m */; };
		702E1D05118D265F00141E6A /* FSKRecognizer.mm in Sources */ = {isa = PBXBuildFile; fileRef = 702E1CFB118D265F00141E6A /* FSKRecognizer.mm */; };
		702E1D07118D265F00141E6A /* MultiDelegate.m in Sources */ = {isa = PBXBuildFile; fileRef = 702E1D00118D265F00141E6A /* MultiDelegate.m */; };
		702E1D1D118D270B00141E6A /* AudioToolbox.framework in Frameworks */ = {isa = PBXBuildFile; fileRef = 702E1D1C118D270B00141E6A /* AudioToolbox.framework */; };
		7061347B11F870BA00E36A4D /* FSKSerialGenerator.mm in Sources */ = {isa = PBXBuildFile; fileRef = 7061347A11F870BA00E36A4D /* FSKSerialGenerator.mm */; };
		D42F7F03145F731B00770128 /* libHiJack.a in Frameworks */ = {isa = PBXBuildFile; fileRef = D42F7F01145F731B00770128 /* libHiJack.a */; };
		D42FDE601460964B00B7B7C5 /* bar_lower.png in Resources */ = {isa = PBXBuildFile; fileRef = D42FDE561460964B00B7B7C5 /* bar_lower.png */; };
		D42FDE611460964B00B7B7C5 /* bar_green.png in Resources */ = {isa = PBXBuildFile; fileRef = D42FDE571460964B00B7B7C5 /* bar_green.png */; };
		D42FDE621460964B00B7B7C5 /* bar_red.png in Resources */ = {isa = PBXBuildFile; fileRef = D42FDE581460964B00B7B7C5 /* bar_red.png */; };
		D42FDE631460964B00B7B7C5 /* bar_upper.png in Resources */ = {isa = PBXBuildFile; fileRef = D42FDE591460964B00B7B7C5 /* bar_upper.png */; };
		D42FDE641460964B00B7B7C5 /* bar_yellow.png in Resources */ = {isa = PBXBuildFile; fileRef = D42FDE5A1460964B00B7B7C5 /* bar_yellow.png */; };
		D42FDE651460964B00B7B7C5 /* bar_lower@2x.png in Resources */ = {isa = PBXBuildFile; fileRef = D42FDE5B1460964B00B7B7C5 /* bar_lower@2x.png */; };
		D42FDE661460964B00B7B7C5 /* bar_upper@2x.png in Resources */ = {isa = PBXBuildFile; fileRef = D42FDE5C1460964B00B7B7C5 /* bar_upper@2x.png */; };
		D42FDE671460964B00B7B7C5 /* bar_red@2x.png in Resources */ = {isa = PBXBuildFile; fileRef = D42FDE5D1460964B00B7B7C5 /* bar_red@2x.png */; };
		D42FDE681460964B00B7B7C5 /* bar_yellow@2x.png in Resources */ = {isa = PBXBuildFile; fileRef = D42FDE5E1460964B00B7B7C5 /* bar_yellow@2x.png */; };
		D42FDE691460964B00B7B7C5 /* bar_green@2x.png in Resources */ = {isa = PBXBuildFile; fileRef = D42FDE5F1460964B00B7B7C5 /* bar_green@2x.png */; };
		D462155E146203C500919C92 /* icon_fb.png in Resources */ = {isa = PBXBuildFile; fileRef = D4621558146203C500919C92 /* icon_fb.png */; };
		D462155F146203C500919C92 /* icon_fb@2x.png in Resources */ = {isa = PBXBuildFile; fileRef = D4621559146203C500919C92 /* icon_fb@2x.png */; };
		D4621560146203C500919C92 /* icon_sms.png in Resources */ = {isa = PBXBuildFile; fileRef = D462155A146203C500919C92 /* icon_sms.png */; };
		D4621561146203C500919C92 /* icon_sms@2x.png in Resources */ = {isa = PBXBuildFile; fileRef = D462155B146203C500919C92 /* icon_sms@2x.png */; };
		D4621562146203C500919C92 /* icon_twitter.png in Resources */ = {isa = PBXBuildFile; fileRef = D462155C146203C500919C92 /* icon_twitter.png */; };
		D4621563146203C500919C92 /* icon_twitter@2x.png in Resources */ = {isa = PBXBuildFile; fileRef = D462155D146203C500919C92 /* icon_twitter@2x.png */; };
		D49CBE48147C919800468C36 /* MeasureViewController.m in Sources */ = {isa = PBXBuildFile; fileRef = D49CBE46147C919800468C36 /* MeasureViewController.m */; };
		D49CBE49147C919800468C36 /* MeasureViewController.xib in Resources */ = {isa = PBXBuildFile; fileRef = D49CBE47147C919800468C36 /* MeasureViewController.xib */; };
		D49CBE5F147C9AA900468C36 /* Sensor_disabled.png in Resources */ = {isa = PBXBuildFile; fileRef = D49CBE5B147C9AA900468C36 /* Sensor_disabled.png */; };
		D49CBE60147C9AA900468C36 /* Sensor_disabled@2x.png in Resources */ = {isa = PBXBuildFile; fileRef = D49CBE5C147C9AA900468C36 /* Sensor_disabled@2x.png */; };
		D49CBE61147C9AAA00468C36 /* Sensor_enabled.png in Resources */ = {isa = PBXBuildFile; fileRef = D49CBE5D147C9AA900468C36 /* Sensor_enabled.png */; };
		D49CBE62147C9AAA00468C36 /* Sensor_enabled@2x.png in Resources */ = {isa = PBXBuildFile; fileRef = D49CBE5E147C9AA900468C36 /* Sensor_enabled@2x.png */; };
		D49CBE6F147C9D2B00468C36 /* background.png in Resources */ = {isa = PBXBuildFile; fileRef = D49CBE68147C9D2B00468C36 /* background.png */; };
		D49CBE70147C9D2B00468C36 /* background@2x.png in Resources */ = {isa = PBXBuildFile; fileRef = D49CBE69147C9D2B00468C36 /* background@2x.png */; };
		D49CBE71147C9D2B00468C36 /* circle.png in Resources */ = {isa = PBXBuildFile; fileRef = D49CBE6A147C9D2B00468C36 /* circle.png */; };
		D49CBE72147C9D2B00468C36 /* circle@2x.png in Resources */ = {isa = PBXBuildFile; fileRef = D49CBE6B147C9D2B00468C36 /* circle@2x.png */; };
		D49CBE73147C9D2B00468C36 /* status_bar.png in Resources */ = {isa = PBXBuildFile; fileRef = D49CBE6D147C9D2B00468C36 /* status_bar.png */; };
		D49CBE74147C9D2B00468C36 /* status_bar@2x.png in Resources */ = {isa = PBXBuildFile; fileRef = D49CBE6E147C9D2B00468C36 /* status_bar@2x.png */; };
		D49CBE76147C9E9400468C36 /* Crysta.ttf in Resources */ = {isa = PBXBuildFile; fileRef = D49CBE75147C9E9400468C36 /* Crysta.ttf */; };
		D49CBE79147CA09000468C36 /* info_box.png in Resources */ = {isa = PBXBuildFile; fileRef = D49CBE77147CA09000468C36 /* info_box.png */; };
		D49CBE7A147CA09000468C36 /* info_box@2x.png in Resources */ = {isa = PBXBuildFile; fileRef = D49CBE78147CA09000468C36 /* info_box@2x.png */; };
		D49CBE7E147CA47100468C36 /* StatusBar.m in Sources */ = {isa = PBXBuildFile; fileRef = D49CBE7C147CA47100468C36 /* StatusBar.m */; };
		D49CBE7F147CA47100468C36 /* StatusBar.xib in Resources */ = {isa = PBXBuildFile; fileRef = D49CBE7D147CA47100468C36 /* StatusBar.xib */; };
		D49CBE83147CAC4700468C36 /* ReadingsViewController.m in Sources */ = {isa = PBXBuildFile; fileRef = D49CBE81147CAC4600468C36 /* ReadingsViewController.m */; };
		D49CBE84147CAC4700468C36 /* ReadingsViewController.xib in Resources */ = {isa = PBXBuildFile; fileRef = D49CBE82147CAC4700468C36 /* ReadingsViewController.xib */; };
		D49CBE88147CAE0300468C36 /* PrefsViewController.m in Sources */ = {isa = PBXBuildFile; fileRef = D49CBE86147CAE0300468C36 /* PrefsViewController.m */; };
		D49CBE89147CAE0300468C36 /* PrefsViewController.xib in Resources */ = {isa = PBXBuildFile; fileRef = D49CBE87147CAE0300468C36 /* PrefsViewController.xib */; };
		D4D0594014633AA7009D47AD /* background_beer.png in Resources */ = {isa = PBXBuildFile; fileRef = D4D0593C14633AA7009D47AD /* background_beer.png */; };
		D4D0594114633AA7009D47AD /* background_beer@2x.png in Resources */ = {isa = PBXBuildFile; fileRef = D4D0593D14633AA7009D47AD /* background_beer@2x.png */; };
		D4D0594214633AA7009D47AD /* message_box.png in Resources */ = {isa = PBXBuildFile; fileRef = D4D0593E14633AA7009D47AD /* message_box.png */; };
		D4D0594314633AA7009D47AD /* message_box@2x.png in Resources */ = {isa = PBXBuildFile; fileRef = D4D0593F14633AA7009D47AD /* message_box@2x.png */; };
		D4D0594C146346FE009D47AD /* icon_headphone_jack.png in Resources */ = {isa = PBXBuildFile; fileRef = D4D0594A146346FE009D47AD /* icon_headphone_jack.png */; };
		D4D0594D146346FE009D47AD /* icon_headphone_jack@2x.png in Resources */ = {isa = PBXBuildFile; fileRef = D4D0594B146346FE009D47AD /* icon_headphone_jack@2x.png */; };
		D4EEB285145FE7160037FDB8 /* BACController.m in Sources */ = {isa = PBXBuildFile; fileRef = D4EEB284145FE7160037FDB8 /* BACController.m */; };
/* End PBXBuildFile section */

/* Begin PBXFileReference section */
		1D30AB110D05D00D00671497 /* Foundation.framework */ = {isa = PBXFileReference; lastKnownFileType = wrapper.framework; name = Foundation.framework; path = System/Library/Frameworks/Foundation.framework; sourceTree = SDKROOT; };
		1D3623240D0F684500981E51 /* SoftModemTerminalAppDelegate.h */ = {isa = PBXFileReference; fileEncoding = 4; lastKnownFileType = sourcecode.c.h; path = SoftModemTerminalAppDelegate.h; sourceTree = "<group>"; };
		1D3623250D0F684500981E51 /* SoftModemTerminalAppDelegate.m */ = {isa = PBXFileReference; fileEncoding = 4; lastKnownFileType = sourcecode.c.objc; path = SoftModemTerminalAppDelegate.m; sourceTree = "<group>"; };
		1DF5F4DF0D08C38300B7A737 /* UIKit.framework */ = {isa = PBXFileReference; lastKnownFileType = wrapper.framework; name = UIKit.framework; path = System/Library/Frameworks/UIKit.framework; sourceTree = SDKROOT; };
		22B0CEA3125059C3006E4256 /* Default.png */ = {isa = PBXFileReference; lastKnownFileType = image.png; name = Default.png; path = images/Default.png; sourceTree = "<group>"; };
		22B0CEA4125059C3006E4256 /* Default@2x.png */ = {isa = PBXFileReference; lastKnownFileType = image.png; name = "Default@2x.png"; path = "images/Default@2x.png"; sourceTree = "<group>"; };
		22B0CEA5125059C3006E4256 /* Icon.png */ = {isa = PBXFileReference; lastKnownFileType = image.png; name = Icon.png; path = images/Icon.png; sourceTree = "<group>"; };
		22B0CEA6125059C3006E4256 /* Icon@2x.png */ = {isa = PBXFileReference; lastKnownFileType = image.png; name = "Icon@2x.png"; path = "images/Icon@2x.png"; sourceTree = "<group>"; };
		22B0CEA8125059C3006E4256 /* blue.png */ = {isa = PBXFileReference; lastKnownFileType = image.png; path = blue.png; sourceTree = "<group>"; };
		22B0CEA9125059C3006E4256 /* cyan.png */ = {isa = PBXFileReference; lastKnownFileType = image.png; path = cyan.png; sourceTree = "<group>"; };
		22B0CEAA125059C3006E4256 /* dkgray.png */ = {isa = PBXFileReference; lastKnownFileType = image.png; path = dkgray.png; sourceTree = "<group>"; };
		22B0CEAB125059C3006E4256 /* gray.png */ = {isa = PBXFileReference; lastKnownFileType = image.png; path = gray.png; sourceTree = "<group>"; };
		22B0CEAC125059C3006E4256 /* green.png */ = {isa = PBXFileReference; lastKnownFileType = image.png; path = green.png; sourceTree = "<group>"; };
		22B0CEAD125059C3006E4256 /* purple.png */ = {isa = PBXFileReference; lastKnownFileType = image.png; path = purple.png; sourceTree = "<group>"; };
		22B0CEAE125059C3006E4256 /* red.png */ = {isa = PBXFileReference; lastKnownFileType = image.png; path = red.png; sourceTree = "<group>"; };
		22B0CEAF125059C3006E4256 /* yellow.png */ = {isa = PBXFileReference; lastKnownFileType = image.png; path = yellow.png; sourceTree = "<group>"; };
		280E754B0DD40C5E005A515E /* MainView.xib */ = {isa = PBXFileReference; lastKnownFileType = file.xib; path = MainView.xib; sourceTree = "<group>"; };
		280E754C0DD40C5E005A515E /* MainWindow.xib */ = {isa = PBXFileReference; lastKnownFileType = file.xib; path = MainWindow.xib; sourceTree = "<group>"; };
		288765580DF743DE002DB57D /* CoreGraphics.framework */ = {isa = PBXFileReference; lastKnownFileType = wrapper.framework; name = CoreGraphics.framework; path = System/Library/Frameworks/CoreGraphics.framework; sourceTree = SDKROOT; };
		289233A80DB2D0DB0083E9F9 /* MainViewController.h */ = {isa = PBXFileReference; fileEncoding = 4; lastKnownFileType = sourcecode.c.h; name = MainViewController.h; path = Classes/MainViewController.h; sourceTree = "<group>"; };
		289233A90DB2D0DB0083E9F9 /* MainViewController.m */ = {isa = PBXFileReference; fileEncoding = 4; lastKnownFileType = sourcecode.c.objc; name = MainViewController.m; path = Classes/MainViewController.m; sourceTree = "<group>"; };
		29B97316FDCFA39411CA2CEA /* main.m */ = {isa = PBXFileReference; fileEncoding = 4; lastKnownFileType = sourcecode.c.objc; path = main.m; sourceTree = "<group>"; };
		32CA4F630368D1EE00C91783 /* iDrank_Prefix.pch */ = {isa = PBXFileReference; fileEncoding = 4; lastKnownFileType = sourcecode.c.h; path = iDrank_Prefix.pch; sourceTree = "<group>"; };
		7000540611E5FD1200ED71EB /* AVFoundation.framework */ = {isa = PBXFileReference; lastKnownFileType = wrapper.framework; name = AVFoundation.framework; path = System/Library/Frameworks/AVFoundation.framework; sourceTree = SDKROOT; };
		702E1CF4118D265F00141E6A /* AudioQueueObject.h */ = {isa = PBXFileReference; fileEncoding = 4; lastKnownFileType = sourcecode.c.h; name = AudioQueueObject.h; path = Classes/AudioQueueObject.h; sourceTree = "<group>"; };
		702E1CF5118D265F00141E6A /* AudioQueueObject.m */ = {isa = PBXFileReference; fileEncoding = 4; lastKnownFileType = sourcecode.c.objc; name = AudioQueueObject.m; path = Classes/AudioQueueObject.m; sourceTree = "<group>"; };
		702E1CF6118D265F00141E6A /* AudioSignalAnalyzer.h */ = {isa = PBXFileReference; fileEncoding = 4; lastKnownFileType = sourcecode.c.h; name = AudioSignalAnalyzer.h; path = Classes/AudioSignalAnalyzer.h; sourceTree = "<group>"; };
		702E1CF7118D265F00141E6A /* AudioSignalAnalyzer.m */ = {isa = PBXFileReference; fileEncoding = 4; lastKnownFileType = sourcecode.c.objc; name = AudioSignalAnalyzer.m; path = Classes/AudioSignalAnalyzer.m; sourceTree = "<group>"; };
		702E1CF8118D265F00141E6A /* AudioSignalGenerator.h */ = {isa = PBXFileReference; fileEncoding = 4; lastKnownFileType = sourcecode.c.h; name = AudioSignalGenerator.h; path = Classes/AudioSignalGenerator.h; sourceTree = "<group>"; };
		702E1CF9118D265F00141E6A /* AudioSignalGenerator.m */ = {isa = PBXFileReference; fileEncoding = 4; lastKnownFileType = sourcecode.c.objc; name = AudioSignalGenerator.m; path = Classes/AudioSignalGenerator.m; sourceTree = "<group>"; };
		702E1CFA118D265F00141E6A /* FSKRecognizer.h */ = {isa = PBXFileReference; fileEncoding = 4; lastKnownFileType = sourcecode.c.h; name = FSKRecognizer.h; path = Classes/FSKRecognizer.h; sourceTree = "<group>"; };
		702E1CFB118D265F00141E6A /* FSKRecognizer.mm */ = {isa = PBXFileReference; fileEncoding = 4; lastKnownFileType = sourcecode.cpp.objcpp; name = FSKRecognizer.mm; path = Classes/FSKRecognizer.mm; sourceTree = "<group>"; };
		702E1CFC118D265F00141E6A /* FSKSerialGenerator.h */ = {isa = PBXFileReference; fileEncoding = 4; lastKnownFileType = sourcecode.c.h; name = FSKSerialGenerator.h; path = Classes/FSKSerialGenerator.h; sourceTree = "<group>"; };
		702E1CFE118D265F00141E6A /* lockfree.h */ = {isa = PBXFileReference; fileEncoding = 4; lastKnownFileType = sourcecode.c.h; name = lockfree.h; path = Classes/lockfree.h; sourceTree = "<group>"; };
		702E1CFF118D265F00141E6A /* MultiDelegate.h */ = {isa = PBXFileReference; fileEncoding = 4; lastKnownFileType = sourcecode.c.h; name = MultiDelegate.h; path = Classes/MultiDelegate.h; sourceTree = "<group>"; };
		702E1D00118D265F00141E6A /* MultiDelegate.m */ = {isa = PBXFileReference; fileEncoding = 4; lastKnownFileType = sourcecode.c.objc; name = MultiDelegate.m; path = Classes/MultiDelegate.m; sourceTree = "<group>"; };
		702E1D01118D265F00141E6A /* PatternRecognizer.h */ = {isa = PBXFileReference; fileEncoding = 4; lastKnownFileType = sourcecode.c.h; name = PatternRecognizer.h; path = Classes/PatternRecognizer.h; sourceTree = "<group>"; };
		702E1D1C118D270B00141E6A /* AudioToolbox.framework */ = {isa = PBXFileReference; lastKnownFileType = wrapper.framework; name = AudioToolbox.framework; path = System/Library/Frameworks/AudioToolbox.framework; sourceTree = SDKROOT; };
		702E1D58118D287600141E6A /* CharReceiver.h */ = {isa = PBXFileReference; fileEncoding = 4; lastKnownFileType = sourcecode.c.h; name = CharReceiver.h; path = Classes/CharReceiver.h; sourceTree = "<group>"; };
		7061347A11F870BA00E36A4D /* FSKSerialGenerator.mm */ = {isa = PBXFileReference; fileEncoding = 4; lastKnownFileType = sourcecode.cpp.objcpp; name = FSKSerialGenerator.mm; path = Classes/FSKSerialGenerator.mm; sourceTree = "<group>"; };
		7061347C11F870DA00E36A4D /* FSKByteQueue.h */ = {isa = PBXFileReference; fileEncoding = 4; lastKnownFileType = sourcecode.c.h; name = FSKByteQueue.h; path = Classes/FSKByteQueue.h; sourceTree = "<group>"; };
		70BA824C11BA507600005CF1 /* iDrank.app */ = {isa = PBXFileReference; explicitFileType = wrapper.application; includeInIndex = 0; path = iDrank.app; sourceTree = BUILT_PRODUCTS_DIR; };
		70D1A3A71192DE50009B9356 /* FSKModemConfig.h */ = {isa = PBXFileReference; fileEncoding = 4; lastKnownFileType = sourcecode.c.h; name = FSKModemConfig.h; path = Classes/FSKModemConfig.h; sourceTree = "<group>"; };
		8D1107310486CEB800E47090 /* iDrank-Info.plist */ = {isa = PBXFileReference; fileEncoding = 4; lastKnownFileType = text.plist.xml; path = "iDrank-Info.plist"; plistStructureDefinitionIdentifier = "com.apple.xcode.plist.structure-definition.iphone.info-plist"; sourceTree = "<group>"; };
		D42F7F01145F731B00770128 /* libHiJack.a */ = {isa = PBXFileReference; lastKnownFileType = archive.ar; path = libHiJack.a; sourceTree = "<group>"; };
		D42F7F02145F731B00770128 /* HiJackMgr.h */ = {isa = PBXFileReference; fileEncoding = 4; lastKnownFileType = sourcecode.c.h; path = HiJackMgr.h; sourceTree = "<group>"; };
		D42FDE561460964B00B7B7C5 /* bar_lower.png */ = {isa = PBXFileReference; lastKnownFileType = image.png; name = bar_lower.png; path = images/bar_lower.png; sourceTree = "<group>"; };
		D42FDE571460964B00B7B7C5 /* bar_green.png */ = {isa = PBXFileReference; lastKnownFileType = image.png; name = bar_green.png; path = images/bar_green.png; sourceTree = "<group>"; };
		D42FDE581460964B00B7B7C5 /* bar_red.png */ = {isa = PBXFileReference; lastKnownFileType = image.png; name = bar_red.png; path = images/bar_red.png; sourceTree = "<group>"; };
		D42FDE591460964B00B7B7C5 /* bar_upper.png */ = {isa = PBXFileReference; lastKnownFileType = image.png; name = bar_upper.png; path = images/bar_upper.png; sourceTree = "<group>"; };
		D42FDE5A1460964B00B7B7C5 /* bar_yellow.png */ = {isa = PBXFileReference; lastKnownFileType = image.png; name = bar_yellow.png; path = images/bar_yellow.png; sourceTree = "<group>"; };
		D42FDE5B1460964B00B7B7C5 /* bar_lower@2x.png */ = {isa = PBXFileReference; lastKnownFileType = image.png; name = "bar_lower@2x.png"; path = "images/bar_lower@2x.png"; sourceTree = "<group>"; };
		D42FDE5C1460964B00B7B7C5 /* bar_upper@2x.png */ = {isa = PBXFileReference; lastKnownFileType = image.png; name = "bar_upper@2x.png"; path = "images/bar_upper@2x.png"; sourceTree = "<group>"; };
		D42FDE5D1460964B00B7B7C5 /* bar_red@2x.png */ = {isa = PBXFileReference; lastKnownFileType = image.png; name = "bar_red@2x.png"; path = "images/bar_red@2x.png"; sourceTree = "<group>"; };
		D42FDE5E1460964B00B7B7C5 /* bar_yellow@2x.png */ = {isa = PBXFileReference; lastKnownFileType = image.png; name = "bar_yellow@2x.png"; path = "images/bar_yellow@2x.png"; sourceTree = "<group>"; };
		D42FDE5F1460964B00B7B7C5 /* bar_green@2x.png */ = {isa = PBXFileReference; lastKnownFileType = image.png; name = "bar_green@2x.png"; path = "images/bar_green@2x.png"; sourceTree = "<group>"; };
		D4621558146203C500919C92 /* icon_fb.png */ = {isa = PBXFileReference; lastKnownFileType = image.png; name = icon_fb.png; path = images/icon_fb.png; sourceTree = "<group>"; };
		D4621559146203C500919C92 /* icon_fb@2x.png */ = {isa = PBXFileReference; lastKnownFileType = image.png; name = "icon_fb@2x.png"; path = "images/icon_fb@2x.png"; sourceTree = "<group>"; };
		D462155A146203C500919C92 /* icon_sms.png */ = {isa = PBXFileReference; lastKnownFileType = image.png; name = icon_sms.png; path = images/icon_sms.png; sourceTree = "<group>"; };
		D462155B146203C500919C92 /* icon_sms@2x.png */ = {isa = PBXFileReference; lastKnownFileType = image.png; name = "icon_sms@2x.png"; path = "images/icon_sms@2x.png"; sourceTree = "<group>"; };
		D462155C146203C500919C92 /* icon_twitter.png */ = {isa = PBXFileReference; lastKnownFileType = image.png; name = icon_twitter.png; path = images/icon_twitter.png; sourceTree = "<group>"; };
		D462155D146203C500919C92 /* icon_twitter@2x.png */ = {isa = PBXFileReference; lastKnownFileType = image.png; name = "icon_twitter@2x.png"; path = "images/icon_twitter@2x.png"; sourceTree = "<group>"; };
		D49CBE45147C919800468C36 /* MeasureViewController.h */ = {isa = PBXFileReference; fileEncoding = 4; lastKnownFileType = sourcecode.c.h; name = MeasureViewController.h; path = Classes/MeasureViewController.h; sourceTree = "<group>"; };
		D49CBE46147C919800468C36 /* MeasureViewController.m */ = {isa = PBXFileReference; fileEncoding = 4; lastKnownFileType = sourcecode.c.objc; name = MeasureViewController.m; path = Classes/MeasureViewController.m; sourceTree = "<group>"; };
		D49CBE47147C919800468C36 /* MeasureViewController.xib */ = {isa = PBXFileReference; fileEncoding = 4; lastKnownFileType = file.xib; name = MeasureViewController.xib; path = Classes/MeasureViewController.xib; sourceTree = "<group>"; };
		D49CBE5A147C93FC00468C36 /* Constants.h */ = {isa = PBXFileReference; fileEncoding = 4; lastKnownFileType = sourcecode.c.h; path = Constants.h; sourceTree = "<group>"; };
		D49CBE5B147C9AA900468C36 /* Sensor_disabled.png */ = {isa = PBXFileReference; lastKnownFileType = image.png; name = Sensor_disabled.png; path = ../Sensor_disabled.png; sourceTree = "<group>"; };
		D49CBE5C147C9AA900468C36 /* Sensor_disabled@2x.png */ = {isa = PBXFileReference; lastKnownFileType = image.png; name = "Sensor_disabled@2x.png"; path = "../Sensor_disabled@2x.png"; sourceTree = "<group>"; };
		D49CBE5D147C9AA900468C36 /* Sensor_enabled.png */ = {isa = PBXFileReference; lastKnownFileType = image.png; name = Sensor_enabled.png; path = ../Sensor_enabled.png; sourceTree = "<group>"; };
		D49CBE5E147C9AA900468C36 /* Sensor_enabled@2x.png */ = {isa = PBXFileReference; lastKnownFileType = image.png; name = "Sensor_enabled@2x.png"; path = "../Sensor_enabled@2x.png"; sourceTree = "<group>"; };
		D49CBE68147C9D2B00468C36 /* background.png */ = {isa = PBXFileReference; lastKnownFileType = image.png; path = background.png; sourceTree = "<group>"; };
		D49CBE69147C9D2B00468C36 /* background@2x.png */ = {isa = PBXFileReference; lastKnownFileType = image.png; path = "background@2x.png"; sourceTree = "<group>"; };
		D49CBE6A147C9D2B00468C36 /* circle.png */ = {isa = PBXFileReference; lastKnownFileType = image.png; path = circle.png; sourceTree = "<group>"; };
		D49CBE6B147C9D2B00468C36 /* circle@2x.png */ = {isa = PBXFileReference; lastKnownFileType = image.png; path = "circle@2x.png"; sourceTree = "<group>"; };
		D49CBE6D147C9D2B00468C36 /* status_bar.png */ = {isa = PBXFileReference; lastKnownFileType = image.png; path = status_bar.png; sourceTree = "<group>"; };
		D49CBE6E147C9D2B00468C36 /* status_bar@2x.png */ = {isa = PBXFileReference; lastKnownFileType = image.png; path = "status_bar@2x.png"; sourceTree = "<group>"; };
		D49CBE75147C9E9400468C36 /* Crysta.ttf */ = {isa = PBXFileReference; lastKnownFileType = file; name = Crysta.ttf; path = images/Crysta.ttf; sourceTree = "<group>"; };
		D49CBE77147CA09000468C36 /* info_box.png */ = {isa = PBXFileReference; lastKnownFileType = image.png; path = info_box.png; sourceTree = "<group>"; };
		D49CBE78147CA09000468C36 /* info_box@2x.png */ = {isa = PBXFileReference; lastKnownFileType = image.png; path = "info_box@2x.png"; sourceTree = "<group>"; };
		D49CBE7B147CA47100468C36 /* StatusBar.h */ = {isa = PBXFileReference; fileEncoding = 4; lastKnownFileType = sourcecode.c.h; name = StatusBar.h; path = Classes/StatusBar.h; sourceTree = "<group>"; };
		D49CBE7C147CA47100468C36 /* StatusBar.m */ = {isa = PBXFileReference; fileEncoding = 4; lastKnownFileType = sourcecode.c.objc; name = StatusBar.m; path = Classes/StatusBar.m; sourceTree = "<group>"; };
		D49CBE7D147CA47100468C36 /* StatusBar.xib */ = {isa = PBXFileReference; fileEncoding = 4; lastKnownFileType = file.xib; name = StatusBar.xib; path = Classes/StatusBar.xib; sourceTree = "<group>"; };
		D49CBE80147CAC4600468C36 /* ReadingsViewController.h */ = {isa = PBXFileReference; fileEncoding = 4; lastKnownFileType = sourcecode.c.h; name = ReadingsViewController.h; path = Classes/ReadingsViewController.h; sourceTree = "<group>"; };
		D49CBE81147CAC4600468C36 /* ReadingsViewController.m */ = {isa = PBXFileReference; fileEncoding = 4; lastKnownFileType = sourcecode.c.objc; name = ReadingsViewController.m; path = Classes/ReadingsViewController.m; sourceTree = "<group>"; };
		D49CBE82147CAC4700468C36 /* ReadingsViewController.xib */ = {isa = PBXFileReference; fileEncoding = 4; lastKnownFileType = file.xib; name = ReadingsViewController.xib; path = Classes/ReadingsViewController.xib; sourceTree = "<group>"; };
		D49CBE85147CAE0200468C36 /* PrefsViewController.h */ = {isa = PBXFileReference; fileEncoding = 4; lastKnownFileType = sourcecode.c.h; name = PrefsViewController.h; path = Classes/PrefsViewController.h; sourceTree = "<group>"; };
		D49CBE86147CAE0300468C36 /* PrefsViewController.m */ = {isa = PBXFileReference; fileEncoding = 4; lastKnownFileType = sourcecode.c.objc; name = PrefsViewController.m; path = Classes/PrefsViewController.m; sourceTree = "<group>"; };
		D49CBE87147CAE0300468C36 /* PrefsViewController.xib */ = {isa = PBXFileReference; fileEncoding = 4; lastKnownFileType = file.xib; name = PrefsViewController.xib; path = Classes/PrefsViewController.xib; sourceTree = "<group>"; };
		D4D0593C14633AA7009D47AD /* background_beer.png */ = {isa = PBXFileReference; lastKnownFileType = image.png; name = background_beer.png; path = images/background_beer.png; sourceTree = "<group>"; };
		D4D0593D14633AA7009D47AD /* background_beer@2x.png */ = {isa = PBXFileReference; lastKnownFileType = image.png; name = "background_beer@2x.png"; path = "images/background_beer@2x.png"; sourceTree = "<group>"; };
		D4D0593E14633AA7009D47AD /* message_box.png */ = {isa = PBXFileReference; lastKnownFileType = image.png; name = message_box.png; path = images/message_box.png; sourceTree = "<group>"; };
		D4D0593F14633AA7009D47AD /* message_box@2x.png */ = {isa = PBXFileReference; lastKnownFileType = image.png; name = "message_box@2x.png"; path = "images/message_box@2x.png"; sourceTree = "<group>"; };
		D4D0594A146346FE009D47AD /* icon_headphone_jack.png */ = {isa = PBXFileReference; lastKnownFileType = image.png; name = icon_headphone_jack.png; path = images/icon_headphone_jack.png; sourceTree = "<group>"; };
		D4D0594B146346FE009D47AD /* icon_headphone_jack@2x.png */ = {isa = PBXFileReference; lastKnownFileType = image.png; name = "icon_headphone_jack@2x.png"; path = "images/icon_headphone_jack@2x.png"; sourceTree = "<group>"; };
		D4EEB283145FE7160037FDB8 /* BACController.h */ = {isa = PBXFileReference; fileEncoding = 4; lastKnownFileType = sourcecode.c.h; name = BACController.h; path = Classes/BACController.h; sourceTree = "<group>"; };
		D4EEB284145FE7160037FDB8 /* BACController.m */ = {isa = PBXFileReference; fileEncoding = 4; lastKnownFileType = sourcecode.c.objc; name = BACController.m; path = Classes/BACController.m; sourceTree = "<group>"; };
/* End PBXFileReference section */

/* Begin PBXFrameworksBuildPhase section */
		1D60588F0D05DD3D006BFB54 /* Frameworks */ = {
			isa = PBXFrameworksBuildPhase;
			buildActionMask = 2147483647;
			files = (
				1D60589F0D05DD5A006BFB54 /* Foundation.framework in Frameworks */,
				1DF5F4E00D08C38300B7A737 /* UIKit.framework in Frameworks */,
				288765590DF743DE002DB57D /* CoreGraphics.framework in Frameworks */,
				702E1D1D118D270B00141E6A /* AudioToolbox.framework in Frameworks */,
				7000540711E5FD1200ED71EB /* AVFoundation.framework in Frameworks */,
				D42F7F03145F731B00770128 /* libHiJack.a in Frameworks */,
			);
			runOnlyForDeploymentPostprocessing = 0;
		};
/* End PBXFrameworksBuildPhase section */

/* Begin PBXGroup section */
		080E96DDFE201D6D7F000001 /* Application Delegate */ = {
			isa = PBXGroup;
			children = (
				1D3623240D0F684500981E51 /* SoftModemTerminalAppDelegate.h */,
				1D3623250D0F684500981E51 /* SoftModemTerminalAppDelegate.m */,
			);
			name = "Application Delegate";
			path = Classes;
			sourceTree = "<group>";
		};
		19C28FACFE9D520D11CA2CBB /* Products */ = {
			isa = PBXGroup;
			children = (
				70BA824C11BA507600005CF1 /* iDrank.app */,
			);
			name = Products;
			sourceTree = "<group>";
		};
		22B0CE9E1250598D006E4256 /* Images */ = {
			isa = PBXGroup;
			children = (
				D49CBE67147C9D2B00468C36 /* Standard */,
				D49CBE6C147C9D2B00468C36 /* StatusBar */,
				D4D0594A146346FE009D47AD /* icon_headphone_jack.png */,
				D4D0594B146346FE009D47AD /* icon_headphone_jack@2x.png */,
				D4D0593C14633AA7009D47AD /* background_beer.png */,
				D4D0593D14633AA7009D47AD /* background_beer@2x.png */,
				D4D0593E14633AA7009D47AD /* message_box.png */,
				D4D0593F14633AA7009D47AD /* message_box@2x.png */,
				D4621558146203C500919C92 /* icon_fb.png */,
				D4621559146203C500919C92 /* icon_fb@2x.png */,
				D462155A146203C500919C92 /* icon_sms.png */,
				D462155B146203C500919C92 /* icon_sms@2x.png */,
				D462155C146203C500919C92 /* icon_twitter.png */,
				D462155D146203C500919C92 /* icon_twitter@2x.png */,
				D42FDE561460964B00B7B7C5 /* bar_lower.png */,
				D42FDE571460964B00B7B7C5 /* bar_green.png */,
				D42FDE581460964B00B7B7C5 /* bar_red.png */,
				D42FDE591460964B00B7B7C5 /* bar_upper.png */,
				D42FDE5A1460964B00B7B7C5 /* bar_yellow.png */,
				D42FDE5B1460964B00B7B7C5 /* bar_lower@2x.png */,
				D42FDE5C1460964B00B7B7C5 /* bar_upper@2x.png */,
				D42FDE5D1460964B00B7B7C5 /* bar_red@2x.png */,
				D42FDE5E1460964B00B7B7C5 /* bar_yellow@2x.png */,
				D42FDE5F1460964B00B7B7C5 /* bar_green@2x.png */,
				22B0CEA3125059C3006E4256 /* Default.png */,
				22B0CEA4125059C3006E4256 /* Default@2x.png */,
				22B0CEA5125059C3006E4256 /* Icon.png */,
				22B0CEA6125059C3006E4256 /* Icon@2x.png */,
				22B0CEA7125059C3006E4256 /* icons */,
			);
			name = Images;
			sourceTree = "<group>";
		};
		22B0CEA7125059C3006E4256 /* icons */ = {
			isa = PBXGroup;
			children = (
				22B0CEA8125059C3006E4256 /* blue.png */,
				22B0CEA9125059C3006E4256 /* cyan.png */,
				22B0CEAA125059C3006E4256 /* dkgray.png */,
				22B0CEAB125059C3006E4256 /* gray.png */,
				22B0CEAC125059C3006E4256 /* green.png */,
				22B0CEAD125059C3006E4256 /* purple.png */,
				22B0CEAE125059C3006E4256 /* red.png */,
				22B0CEAF125059C3006E4256 /* yellow.png */,
			);
			name = icons;
			path = images/icons;
			sourceTree = "<group>";
		};
		289233A00DB2D0730083E9F9 /* Views */ = {
			isa = PBXGroup;
			children = (
				D49CBE85147CAE0200468C36 /* PrefsViewController.h */,
				D49CBE86147CAE0300468C36 /* PrefsViewController.m */,
				D49CBE87147CAE0300468C36 /* PrefsViewController.xib */,
				D49CBE80147CAC4600468C36 /* ReadingsViewController.h */,
				D49CBE81147CAC4600468C36 /* ReadingsViewController.m */,
				D49CBE82147CAC4700468C36 /* ReadingsViewController.xib */,
				D49CBE45147C919800468C36 /* MeasureViewController.h */,
				D49CBE46147C919800468C36 /* MeasureViewController.m */,
				D49CBE47147C919800468C36 /* MeasureViewController.xib */,
				D49CBE7B147CA47100468C36 /* StatusBar.h */,
				D49CBE7C147CA47100468C36 /* StatusBar.m */,
				D49CBE7D147CA47100468C36 /* StatusBar.xib */,
				289233A80DB2D0DB0083E9F9 /* MainViewController.h */,
				289233A90DB2D0DB0083E9F9 /* MainViewController.m */,
				280E754B0DD40C5E005A515E /* MainView.xib */,
			);
			name = Views;
			sourceTree = "<group>";
		};
		29B97314FDCFA39411CA2CEA /* CustomTemplate */ = {
			isa = PBXGroup;
			children = (
				D42F7F01145F731B00770128 /* libHiJack.a */,
				D42F7F02145F731B00770128 /* HiJackMgr.h */,
				D49CBE5A147C93FC00468C36 /* Constants.h */,
				702E1CF3118D263A00141E6A /* FSK Classes */,
				D4CE0CE214809ED300425369 /* Model */,
				D4EEB282145FE6E10037FDB8 /* Controller */,
				289233A00DB2D0730083E9F9 /* Views */,
				080E96DDFE201D6D7F000001 /* Application Delegate */,
				29B97315FDCFA39411CA2CEA /* Other Sources */,
				29B97317FDCFA39411CA2CEA /* Resources */,
				29B97323FDCFA39411CA2CEA /* Frameworks */,
				19C28FACFE9D520D11CA2CBB /* Products */,
			);
			name = CustomTemplate;
			sourceTree = "<group>";
		};
		29B97315FDCFA39411CA2CEA /* Other Sources */ = {
			isa = PBXGroup;
			children = (
				32CA4F630368D1EE00C91783 /* iDrank_Prefix.pch */,
				29B97316FDCFA39411CA2CEA /* main.m */,
			);
			name = "Other Sources";
			sourceTree = "<group>";
		};
		29B97317FDCFA39411CA2CEA /* Resources */ = {
			isa = PBXGroup;
			children = (
				D49CBE75147C9E9400468C36 /* Crysta.ttf */,
				22B0CE9E1250598D006E4256 /* Images */,
				280E754C0DD40C5E005A515E /* MainWindow.xib */,
				8D1107310486CEB800E47090 /* iDrank-Info.plist */,
			);
			name = Resources;
			sourceTree = "<group>";
		};
		29B97323FDCFA39411CA2CEA /* Frameworks */ = {
			isa = PBXGroup;
			children = (
				7000540611E5FD1200ED71EB /* AVFoundation.framework */,
				702E1D1C118D270B00141E6A /* AudioToolbox.framework */,
				1DF5F4DF0D08C38300B7A737 /* UIKit.framework */,
				1D30AB110D05D00D00671497 /* Foundation.framework */,
				288765580DF743DE002DB57D /* CoreGraphics.framework */,
			);
			name = Frameworks;
			sourceTree = "<group>";
		};
		702E1CF3118D263A00141E6A /* FSK Classes */ = {
			isa = PBXGroup;
			children = (
				702E1D58118D287600141E6A /* CharReceiver.h */,
				702E1CF4118D265F00141E6A /* AudioQueueObject.h */,
				702E1CF5118D265F00141E6A /* AudioQueueObject.m */,
				702E1CF6118D265F00141E6A /* AudioSignalAnalyzer.h */,
				702E1CF7118D265F00141E6A /* AudioSignalAnalyzer.m */,
				702E1CF8118D265F00141E6A /* AudioSignalGenerator.h */,
				702E1CF9118D265F00141E6A /* AudioSignalGenerator.m */,
				70D1A3A71192DE50009B9356 /* FSKModemConfig.h */,
				7061347C11F870DA00E36A4D /* FSKByteQueue.h */,
				702E1CFA118D265F00141E6A /* FSKRecognizer.h */,
				702E1CFB118D265F00141E6A /* FSKRecognizer.mm */,
				702E1CFC118D265F00141E6A /* FSKSerialGenerator.h */,
				7061347A11F870BA00E36A4D /* FSKSerialGenerator.mm */,
				702E1CFE118D265F00141E6A /* lockfree.h */,
				702E1CFF118D265F00141E6A /* MultiDelegate.h */,
				702E1D00118D265F00141E6A /* MultiDelegate.m */,
				702E1D01118D265F00141E6A /* PatternRecognizer.h */,
			);
			name = "FSK Classes";
			sourceTree = "<group>";
		};
		D49CBE67147C9D2B00468C36 /* Standard */ = {
			isa = PBXGroup;
			children = (
				D49CBE77147CA09000468C36 /* info_box.png */,
				D49CBE78147CA09000468C36 /* info_box@2x.png */,
				D49CBE68147C9D2B00468C36 /* background.png */,
				D49CBE69147C9D2B00468C36 /* background@2x.png */,
				D49CBE6A147C9D2B00468C36 /* circle.png */,
				D49CBE6B147C9D2B00468C36 /* circle@2x.png */,
			);
			name = Standard;
			path = images/Standard;
			sourceTree = "<group>";
		};
		D49CBE6C147C9D2B00468C36 /* StatusBar */ = {
			isa = PBXGroup;
			children = (
				D49CBE5B147C9AA900468C36 /* Sensor_disabled.png */,
				D49CBE5C147C9AA900468C36 /* Sensor_disabled@2x.png */,
				D49CBE5D147C9AA900468C36 /* Sensor_enabled.png */,
				D49CBE5E147C9AA900468C36 /* Sensor_enabled@2x.png */,
				D49CBE6D147C9D2B00468C36 /* status_bar.png */,
				D49CBE6E147C9D2B00468C36 /* status_bar@2x.png */,
			);
			name = StatusBar;
			path = images/StatusBar;
			sourceTree = "<group>";
		};
		D4CE0CE214809ED300425369 /* Model */ = {
			isa = PBXGroup;
			children = (
			);
			name = Model;
			sourceTree = "<group>";
		};
		D4EEB282145FE6E10037FDB8 /* Controller */ = {
			isa = PBXGroup;
			children = (
				D4EEB283145FE7160037FDB8 /* BACController.h */,
				D4EEB284145FE7160037FDB8 /* BACController.m */,
			);
			name = Controller;
			sourceTree = "<group>";
		};
/* End PBXGroup section */

/* Begin PBXNativeTarget section */
		1D6058900D05DD3D006BFB54 /* iDrank */ = {
			isa = PBXNativeTarget;
			buildConfigurationList = 1D6058960D05DD3E006BFB54 /* Build configuration list for PBXNativeTarget "iDrank" */;
			buildPhases = (
				1D60588D0D05DD3D006BFB54 /* Resources */,
				1D60588E0D05DD3D006BFB54 /* Sources */,
				1D60588F0D05DD3D006BFB54 /* Frameworks */,
			);
			buildRules = (
			);
			dependencies = (
			);
			name = iDrank;
			productName = MultiTrigger;
			productReference = 70BA824C11BA507600005CF1 /* iDrank.app */;
			productType = "com.apple.product-type.application";
		};
/* End PBXNativeTarget section */

/* Begin PBXProject section */
		29B97313FDCFA39411CA2CEA /* Project object */ = {
			isa = PBXProject;
			attributes = {
				LastUpgradeCheck = 0420;
			};
			buildConfigurationList = C01FCF4E08A954540054247B /* Build configuration list for PBXProject "iDrank" */;
			compatibilityVersion = "Xcode 3.2";
			developmentRegion = English;
			hasScannedForEncodings = 1;
			knownRegions = (
				English,
				Japanese,
				French,
				German,
				en,
			);
			mainGroup = 29B97314FDCFA39411CA2CEA /* CustomTemplate */;
			projectDirPath = "";
			projectRoot = "";
			targets = (
				1D6058900D05DD3D006BFB54 /* iDrank */,
			);
		};
/* End PBXProject section */

/* Begin PBXResourcesBuildPhase section */
		1D60588D0D05DD3D006BFB54 /* Resources */ = {
			isa = PBXResourcesBuildPhase;
			buildActionMask = 2147483647;
			files = (
				280E754E0DD40C5E005A515E /* MainView.xib in Resources */,
				280E754F0DD40C5E005A515E /* MainWindow.xib in Resources */,
				22B0CEB0125059C3006E4256 /* Default.png in Resources */,
				22B0CEB1125059C3006E4256 /* Default@2x.png in Resources */,
				22B0CEB2125059C3006E4256 /* Icon.png in Resources */,
				22B0CEB3125059C3006E4256 /* Icon@2x.png in Resources */,
				22B0CEB4125059C3006E4256 /* blue.png in Resources */,
				22B0CEB5125059C3006E4256 /* cyan.png in Resources */,
				22B0CEB6125059C3006E4256 /* dkgray.png in Resources */,
				22B0CEB7125059C3006E4256 /* gray.png in Resources */,
				22B0CEB8125059C3006E4256 /* green.png in Resources */,
				22B0CEB9125059C3006E4256 /* purple.png in Resources */,
				22B0CEBA125059C3006E4256 /* red.png in Resources */,
				22B0CEBB125059C3006E4256 /* yellow.png in Resources */,
				D42FDE601460964B00B7B7C5 /* bar_lower.png in Resources */,
				D42FDE611460964B00B7B7C5 /* bar_green.png in Resources */,
				D42FDE621460964B00B7B7C5 /* bar_red.png in Resources */,
				D42FDE631460964B00B7B7C5 /* bar_upper.png in Resources */,
				D42FDE641460964B00B7B7C5 /* bar_yellow.png in Resources */,
				D42FDE651460964B00B7B7C5 /* bar_lower@2x.png in Resources */,
				D42FDE661460964B00B7B7C5 /* bar_upper@2x.png in Resources */,
				D42FDE671460964B00B7B7C5 /* bar_red@2x.png in Resources */,
				D42FDE681460964B00B7B7C5 /* bar_yellow@2x.png in Resources */,
				D42FDE691460964B00B7B7C5 /* bar_green@2x.png in Resources */,
				D462155E146203C500919C92 /* icon_fb.png in Resources */,
				D462155F146203C500919C92 /* icon_fb@2x.png in Resources */,
				D4621560146203C500919C92 /* icon_sms.png in Resources */,
				D4621561146203C500919C92 /* icon_sms@2x.png in Resources */,
				D4621562146203C500919C92 /* icon_twitter.png in Resources */,
				D4621563146203C500919C92 /* icon_twitter@2x.png in Resources */,
				D4D0594014633AA7009D47AD /* background_beer.png in Resources */,
				D4D0594114633AA7009D47AD /* background_beer@2x.png in Resources */,
				D4D0594214633AA7009D47AD /* message_box.png in Resources */,
				D4D0594314633AA7009D47AD /* message_box@2x.png in Resources */,
				D4D0594C146346FE009D47AD /* icon_headphone_jack.png in Resources */,
				D4D0594D146346FE009D47AD /* icon_headphone_jack@2x.png in Resources */,
				D49CBE49147C919800468C36 /* MeasureViewController.xib in Resources */,
				D49CBE5F147C9AA900468C36 /* Sensor_disabled.png in Resources */,
				D49CBE60147C9AA900468C36 /* Sensor_disabled@2x.png in Resources */,
				D49CBE61147C9AAA00468C36 /* Sensor_enabled.png in Resources */,
				D49CBE62147C9AAA00468C36 /* Sensor_enabled@2x.png in Resources */,
				D49CBE6F147C9D2B00468C36 /* background.png in Resources */,
				D49CBE70147C9D2B00468C36 /* background@2x.png in Resources */,
				D49CBE71147C9D2B00468C36 /* circle.png in Resources */,
				D49CBE72147C9D2B00468C36 /* circle@2x.png in Resources */,
				D49CBE73147C9D2B00468C36 /* status_bar.png in Resources */,
				D49CBE74147C9D2B00468C36 /* status_bar@2x.png in Resources */,
				D49CBE76147C9E9400468C36 /* Crysta.ttf in Resources */,
				D49CBE79147CA09000468C36 /* info_box.png in Resources */,
				D49CBE7A147CA09000468C36 /* info_box@2x.png in Resources */,
				D49CBE7F147CA47100468C36 /* StatusBar.xib in Resources */,
				D49CBE84147CAC4700468C36 /* ReadingsViewController.xib in Resources */,
				D49CBE89147CAE0300468C36 /* PrefsViewController.xib in Resources */,
			);
			runOnlyForDeploymentPostprocessing = 0;
		};
/* End PBXResourcesBuildPhase section */

/* Begin PBXSourcesBuildPhase section */
		1D60588E0D05DD3D006BFB54 /* Sources */ = {
			isa = PBXSourcesBuildPhase;
			buildActionMask = 2147483647;
			files = (
				1D60589B0D05DD56006BFB54 /* main.m in Sources */,
				1D3623260D0F684500981E51 /* SoftModemTerminalAppDelegate.m in Sources */,
				289233AE0DB2D0DB0083E9F9 /* MainViewController.m in Sources */,
				702E1D02118D265F00141E6A /* AudioQueueObject.m in Sources */,
				702E1D03118D265F00141E6A /* AudioSignalAnalyzer.m in Sources */,
				702E1D04118D265F00141E6A /* AudioSignalGenerator.m in Sources */,
				702E1D05118D265F00141E6A /* FSKRecognizer.mm in Sources */,
				702E1D07118D265F00141E6A /* MultiDelegate.m in Sources */,
				7061347B11F870BA00E36A4D /* FSKSerialGenerator.mm in Sources */,
				D4EEB285145FE7160037FDB8 /* BACController.m in Sources */,
				D49CBE48147C919800468C36 /* MeasureViewController.m in Sources */,
				D49CBE7E147CA47100468C36 /* StatusBar.m in Sources */,
				D49CBE83147CAC4700468C36 /* ReadingsViewController.m in Sources */,
				D49CBE88147CAE0300468C36 /* PrefsViewController.m in Sources */,
			);
			runOnlyForDeploymentPostprocessing = 0;
		};
/* End PBXSourcesBuildPhase section */

/* Begin XCBuildConfiguration section */
		1D6058940D05DD3E006BFB54 /* Debug */ = {
			isa = XCBuildConfiguration;
			buildSettings = {
				ALWAYS_SEARCH_USER_PATHS = NO;
				"CODE_SIGN_IDENTITY[sdk=iphoneos*]" = "iPhone Developer";
				COPY_PHASE_STRIP = NO;
				GCC_DYNAMIC_NO_PIC = NO;
				GCC_OPTIMIZATION_LEVEL = 0;
				GCC_PRECOMPILE_PREFIX_HEADER = YES;
				GCC_PREFIX_HEADER = iDrank_Prefix.pch;
				INFOPLIST_FILE = "iDrank-Info.plist";
				IPHONEOS_DEPLOYMENT_TARGET = 4.0;
				LIBRARY_SEARCH_PATHS = (
					"$(inherited)",
					"\"$(SRCROOT)\"",
				);
				PRODUCT_NAME = iDrank;
				"PROVISIONING_PROFILE[sdk=iphoneos*]" = "";
				SDKROOT = iphoneos;
			};
			name = Debug;
		};
		1D6058950D05DD3E006BFB54 /* Release */ = {
			isa = XCBuildConfiguration;
			buildSettings = {
				ALWAYS_SEARCH_USER_PATHS = NO;
				COPY_PHASE_STRIP = YES;
				GCC_PRECOMPILE_PREFIX_HEADER = YES;
				GCC_PREFIX_HEADER = iDrank_Prefix.pch;
				INFOPLIST_FILE = "iDrank-Info.plist";
				LIBRARY_SEARCH_PATHS = (
					"$(inherited)",
					"\"$(SRCROOT)\"",
				);
				PRODUCT_NAME = iDrank;
				SDKROOT = iphoneos;
				VALIDATE_PRODUCT = YES;
			};
			name = Release;
		};
		C01FCF4F08A954540054247B /* Debug */ = {
			isa = XCBuildConfiguration;
			buildSettings = {
				ARCHS = "$(ARCHS_STANDARD_32_BIT)";
				"CODE_SIGN_IDENTITY[sdk=iphoneos*]" = "iPhone Developer: Timothy Moses";
				GCC_C_LANGUAGE_STANDARD = c99;
				GCC_WARN_ABOUT_RETURN_TYPE = YES;
				GCC_WARN_UNUSED_VARIABLE = YES;
				PRODUCT_NAME = iDrank;
				SDKROOT = iphoneos;
			};
			name = Debug;
		};
		C01FCF5008A954540054247B /* Release */ = {
			isa = XCBuildConfiguration;
			buildSettings = {
				ARCHS = "$(ARCHS_STANDARD_32_BIT)";
				"CODE_SIGN_IDENTITY[sdk=iphoneos*]" = "iPhone Developer";
				GCC_C_LANGUAGE_STANDARD = c99;
				GCC_WARN_ABOUT_RETURN_TYPE = YES;
				GCC_WARN_UNUSED_VARIABLE = YES;
				OTHER_CFLAGS = "-DNS_BLOCK_ASSERTIONS=1";
				PRODUCT_NAME = iDrank;
				SDKROOT = iphoneos;
			};
			name = Release;
		};
/* End XCBuildConfiguration section */

/* Begin XCConfigurationList section */
		1D6058960D05DD3E006BFB54 /* Build configuration list for PBXNativeTarget "iDrank" */ = {
			isa = XCConfigurationList;
			buildConfigurations = (
				1D6058940D05DD3E006BFB54 /* Debug */,
				1D6058950D05DD3E006BFB54 /* Release */,
			);
			defaultConfigurationIsVisible = 0;
			defaultConfigurationName = Release;
		};
		C01FCF4E08A954540054247B /* Build configuration list for PBXProject "iDrank" */ = {
			isa = XCConfigurationList;
			buildConfigurations = (
				C01FCF4F08A954540054247B /* Debug */,
				C01FCF5008A954540054247B /* Release */,
			);
			defaultConfigurationIsVisible = 0;
			defaultConfigurationName = Release;
		};
/* End XCConfigurationList section */
	};
	rootObject = 29B97313FDCFA39411CA2CEA /* Project object */;
}
