// !$*UTF8*$!
{
	archiveVersion = 1;
	classes = {
	};
	objectVersion = 46;
	objects = {

/* Begin PBXBuildFile section */
		1D60589B0D05DD56006BFB54 /* main.m in Sources */ = {isa = PBXBuildFile; fileRef = 29B97316FDCFA39411CA2CEA /* main.m */; };
		1D60589F0D05DD5A006BFB54 /* Foundation.framework in Frameworks */ = {isa = PBXBuildFile; fileRef = 1D30AB110D05D00D00671497 /* Foundation.framework */; };
		1DF5F4E00D08C38300B7A737 /* UIKit.framework in Frameworks */ = {isa = PBXBuildFile; fileRef = 1DF5F4DF0D08C38300B7A737 /* UIKit.framework */; };
		280E754F0DD40C5E005A515E /* MainWindow.xib in Resources */ = {isa = PBXBuildFile; fileRef = 280E754C0DD40C5E005A515E /* MainWindow.xib */; };
		288765590DF743DE002DB57D /* CoreGraphics.framework in Frameworks */ = {isa = PBXBuildFile; fileRef = 288765580DF743DE002DB57D /* CoreGraphics.framework */; };
		7000540711E5FD1200ED71EB /* AVFoundation.framework in Frameworks */ = {isa = PBXBuildFile; fileRef = 7000540611E5FD1200ED71EB /* AVFoundation.framework */; };
		702E1D1D118D270B00141E6A /* AudioToolbox.framework in Frameworks */ = {isa = PBXBuildFile; fileRef = 702E1D1C118D270B00141E6A /* AudioToolbox.framework */; };
		D4352E3314BC20F7002A4A57 /* UserController.m in Sources */ = {isa = PBXBuildFile; fileRef = D4352E3214BC20F7002A4A57 /* UserController.m */; };
		D4352E3814BC2237002A4A57 /* ProfileSelectionViewController.m in Sources */ = {isa = PBXBuildFile; fileRef = D4352E3614BC2237002A4A57 /* ProfileSelectionViewController.m */; };
		D4352E3914BC2237002A4A57 /* ProfileSelectionViewController.xib in Resources */ = {isa = PBXBuildFile; fileRef = D4352E3714BC2237002A4A57 /* ProfileSelectionViewController.xib */; };
		D44711091519CB9D00694E81 /* ManualEntryPopupViewController.xib in Resources */ = {isa = PBXBuildFile; fileRef = D44711031519CB9D00694E81 /* ManualEntryPopupViewController.xib */; };
		D447110A1519CB9D00694E81 /* ManualEntryPopupViewController.m in Sources */ = {isa = PBXBuildFile; fileRef = D44711041519CB9D00694E81 /* ManualEntryPopupViewController.m */; };
		D447110B1519CB9D00694E81 /* DisclaimerViewController.xib in Resources */ = {isa = PBXBuildFile; fileRef = D44711061519CB9D00694E81 /* DisclaimerViewController.xib */; };
		D447110C1519CB9D00694E81 /* DisclaimerViewController.m in Sources */ = {isa = PBXBuildFile; fileRef = D44711071519CB9D00694E81 /* DisclaimerViewController.m */; };
		D448853714FCC5510051B241 /* FSKController.m in Sources */ = {isa = PBXBuildFile; fileRef = D448853614FCC5510051B241 /* FSKController.m */; };
		D44D547D14B51526005FCE7C /* iDrankAppDelegate.m in Sources */ = {isa = PBXBuildFile; fileRef = D44D544314B51526005FCE7C /* iDrankAppDelegate.m */; };
		D44D547E14B51526005FCE7C /* BACController.m in Sources */ = {isa = PBXBuildFile; fileRef = D44D544614B51526005FCE7C /* BACController.m */; };
		D44D547F14B51526005FCE7C /* Theme.m in Sources */ = {isa = PBXBuildFile; fileRef = D44D544814B51526005FCE7C /* Theme.m */; };
		D44D548014B51526005FCE7C /* BACEvent.m in Sources */ = {isa = PBXBuildFile; fileRef = D44D544B14B51526005FCE7C /* BACEvent.m */; };
		D44D548114B51526005FCE7C /* AudioQueueObject.m in Sources */ = {isa = PBXBuildFile; fileRef = D44D544E14B51526005FCE7C /* AudioQueueObject.m */; };
		D44D548214B51526005FCE7C /* AudioSignalAnalyzer.m in Sources */ = {isa = PBXBuildFile; fileRef = D44D545014B51526005FCE7C /* AudioSignalAnalyzer.m */; };
		D44D548314B51526005FCE7C /* AudioSignalGenerator.m in Sources */ = {isa = PBXBuildFile; fileRef = D44D545214B51526005FCE7C /* AudioSignalGenerator.m */; };
		D44D548414B51526005FCE7C /* aurio_helper.cpp in Sources */ = {isa = PBXBuildFile; fileRef = D44D545314B51526005FCE7C /* aurio_helper.cpp */; };
		D44D548514B51526005FCE7C /* CADebugMacros.cpp in Sources */ = {isa = PBXBuildFile; fileRef = D44D545514B51526005FCE7C /* CADebugMacros.cpp */; };
		D44D548614B51526005FCE7C /* CAStreamBasicDescription.cpp in Sources */ = {isa = PBXBuildFile; fileRef = D44D545814B51526005FCE7C /* CAStreamBasicDescription.cpp */; };
		D44D548714B51526005FCE7C /* CAXException.cpp in Sources */ = {isa = PBXBuildFile; fileRef = D44D545A14B51526005FCE7C /* CAXException.cpp */; };
		D44D548814B51526005FCE7C /* FSKRecognizer.mm in Sources */ = {isa = PBXBuildFile; fileRef = D44D546014B51526005FCE7C /* FSKRecognizer.mm */; };
		D44D548914B51526005FCE7C /* FSKSerialGenerator.mm in Sources */ = {isa = PBXBuildFile; fileRef = D44D546214B51526005FCE7C /* FSKSerialGenerator.mm */; };
		D44D548A14B51526005FCE7C /* HiJackMgr.mm in Sources */ = {isa = PBXBuildFile; fileRef = D44D546414B51526005FCE7C /* HiJackMgr.mm */; };
		D44D548B14B51526005FCE7C /* MultiDelegate.m in Sources */ = {isa = PBXBuildFile; fileRef = D44D546714B51526005FCE7C /* MultiDelegate.m */; };
		D44D548C14B51526005FCE7C /* MainView.xib in Resources */ = {isa = PBXBuildFile; fileRef = D44D546A14B51526005FCE7C /* MainView.xib */; };
		D44D548D14B51526005FCE7C /* MainViewController.m in Sources */ = {isa = PBXBuildFile; fileRef = D44D546C14B51526005FCE7C /* MainViewController.m */; };
		D44D548F14B51526005FCE7C /* MeasureViewController.m in Sources */ = {isa = PBXBuildFile; fileRef = D44D546F14B51526005FCE7C /* MeasureViewController.m */; };
		D44D549114B51526005FCE7C /* PrefsViewController.m in Sources */ = {isa = PBXBuildFile; fileRef = D44D547214B51526005FCE7C /* PrefsViewController.m */; };
		D44D549214B51526005FCE7C /* PrefsViewController.xib in Resources */ = {isa = PBXBuildFile; fileRef = D44D547314B51526005FCE7C /* PrefsViewController.xib */; };
		D44D549314B51526005FCE7C /* ReadingsViewController.m in Sources */ = {isa = PBXBuildFile; fileRef = D44D547514B51526005FCE7C /* ReadingsViewController.m */; };
		D44D549414B51526005FCE7C /* ReadingsViewController.xib in Resources */ = {isa = PBXBuildFile; fileRef = D44D547614B51526005FCE7C /* ReadingsViewController.xib */; };
		D44D549514B51526005FCE7C /* StatusBar.m in Sources */ = {isa = PBXBuildFile; fileRef = D44D547814B51526005FCE7C /* StatusBar.m */; };
		D44D549614B51526005FCE7C /* StatusBar.xib in Resources */ = {isa = PBXBuildFile; fileRef = D44D547914B51526005FCE7C /* StatusBar.xib */; };
		D44D549A14B517DD005FCE7C /* BACStrings.plist in Resources */ = {isa = PBXBuildFile; fileRef = D44D549914B517DD005FCE7C /* BACStrings.plist */; };
		D44D54CA14B52892005FCE7C /* Facebook.m in Sources */ = {isa = PBXBuildFile; fileRef = D44D54B314B52892005FCE7C /* Facebook.m */; };
		D44D54CB14B52892005FCE7C /* FBDialog.bundle in Resources */ = {isa = PBXBuildFile; fileRef = D44D54B514B52892005FCE7C /* FBDialog.bundle */; };
		D44D54CC14B52892005FCE7C /* FBDialog.m in Sources */ = {isa = PBXBuildFile; fileRef = D44D54B714B52892005FCE7C /* FBDialog.m */; };
		D44D54CD14B52892005FCE7C /* FBLoginDialog.m in Sources */ = {isa = PBXBuildFile; fileRef = D44D54B914B52892005FCE7C /* FBLoginDialog.m */; };
		D44D54CE14B52892005FCE7C /* FBRequest.m in Sources */ = {isa = PBXBuildFile; fileRef = D44D54BB14B52892005FCE7C /* FBRequest.m */; };
		D44D54CF14B52892005FCE7C /* NSObject+SBJSON.m in Sources */ = {isa = PBXBuildFile; fileRef = D44D54BF14B52892005FCE7C /* NSObject+SBJSON.m */; };
		D44D54D014B52892005FCE7C /* NSString+SBJSON.m in Sources */ = {isa = PBXBuildFile; fileRef = D44D54C114B52892005FCE7C /* NSString+SBJSON.m */; };
		D44D54D114B52892005FCE7C /* SBJSON.m in Sources */ = {isa = PBXBuildFile; fileRef = D44D54C314B52892005FCE7C /* SBJSON.m */; };
		D44D54D214B52892005FCE7C /* SBJsonBase.m in Sources */ = {isa = PBXBuildFile; fileRef = D44D54C514B52892005FCE7C /* SBJsonBase.m */; };
		D44D54D314B52892005FCE7C /* SBJsonParser.m in Sources */ = {isa = PBXBuildFile; fileRef = D44D54C714B52892005FCE7C /* SBJsonParser.m */; };
		D44D54D414B52892005FCE7C /* SBJsonWriter.m in Sources */ = {isa = PBXBuildFile; fileRef = D44D54C914B52892005FCE7C /* SBJsonWriter.m */; };
		D44D54DA14B57889005FCE7C /* MessageUI.framework in Frameworks */ = {isa = PBXBuildFile; fileRef = D44D54D914B57888005FCE7C /* MessageUI.framework */; };
		D44D54DC14B586F5005FCE7C /* Twitter.framework in Frameworks */ = {isa = PBXBuildFile; fileRef = D44D54DB14B586F5005FCE7C /* Twitter.framework */; };
		D44D54DF14B66DD9005FCE7C /* LocationController.m in Sources */ = {isa = PBXBuildFile; fileRef = D44D54DE14B66DD9005FCE7C /* LocationController.m */; };
		D44D54E114B66DFE005FCE7C /* CoreLocation.framework in Frameworks */ = {isa = PBXBuildFile; fileRef = D44D54E014B66DFE005FCE7C /* CoreLocation.framework */; };
		D450E75114847CCE00C11827 /* iDrank.xcdatamodel in Sources */ = {isa = PBXBuildFile; fileRef = D450E75014847CCE00C11827 /* iDrank.xcdatamodel */; };
		D46A40C714F3270D00EDF7DA /* InstructionsViewController.m in Sources */ = {isa = PBXBuildFile; fileRef = D46A40C514F3270D00EDF7DA /* InstructionsViewController.m */; };
		D46A40C814F3270D00EDF7DA /* InstructionsViewController.xib in Resources */ = {isa = PBXBuildFile; fileRef = D46A40C614F3270D00EDF7DA /* InstructionsViewController.xib */; };
		D471D22114C259F3008694C1 /* CollegeThemeViewController.xib in Resources */ = {isa = PBXBuildFile; fileRef = D471D22014C259F3008694C1 /* CollegeThemeViewController.xib */; };
		D476E4E814BCCC1700BFB38E /* ReadingsTableViewCell.m in Sources */ = {isa = PBXBuildFile; fileRef = D476E4E614BCCC1700BFB38E /* ReadingsTableViewCell.m */; };
		D476E4E914BCCC1700BFB38E /* ReadingsTableViewCell.xib in Resources */ = {isa = PBXBuildFile; fileRef = D476E4E714BCCC1700BFB38E /* ReadingsTableViewCell.xib */; };
		D476E4FD14BCCFF200BFB38E /* tableCell_background.png in Resources */ = {isa = PBXBuildFile; fileRef = D476E4FB14BCCFF200BFB38E /* tableCell_background.png */; };
		D476E4FE14BCCFF200BFB38E /* tableCell_background@2x.png in Resources */ = {isa = PBXBuildFile; fileRef = D476E4FC14BCCFF200BFB38E /* tableCell_background@2x.png */; };
		D490140914D54327002FE178 /* Default.png in Resources */ = {isa = PBXBuildFile; fileRef = D49013F614D54327002FE178 /* Default.png */; };
		D490140A14D54327002FE178 /* Default@2x.png in Resources */ = {isa = PBXBuildFile; fileRef = D49013F714D54327002FE178 /* Default@2x.png */; };
		D490140B14D54327002FE178 /* Icon.png in Resources */ = {isa = PBXBuildFile; fileRef = D49013F814D54327002FE178 /* Icon.png */; };
		D490140C14D54327002FE178 /* Icon@2x.png in Resources */ = {isa = PBXBuildFile; fileRef = D49013F914D54327002FE178 /* Icon@2x.png */; };
		D490140D14D54327002FE178 /* icon_headphone_jack.png in Resources */ = {isa = PBXBuildFile; fileRef = D49013FB14D54327002FE178 /* icon_headphone_jack.png */; };
		D490140E14D54327002FE178 /* icon_headphone_jack@2x.png in Resources */ = {isa = PBXBuildFile; fileRef = D49013FC14D54327002FE178 /* icon_headphone_jack@2x.png */; };
		D490140F14D54327002FE178 /* icon_location.png in Resources */ = {isa = PBXBuildFile; fileRef = D49013FD14D54327002FE178 /* icon_location.png */; };
		D490141014D54327002FE178 /* icon_location@2x.png in Resources */ = {isa = PBXBuildFile; fileRef = D49013FE14D54327002FE178 /* icon_location@2x.png */; };
		D490141114D54327002FE178 /* icon_name.png in Resources */ = {isa = PBXBuildFile; fileRef = D49013FF14D54327002FE178 /* icon_name.png */; };
		D490141214D54327002FE178 /* icon_name@2x.png in Resources */ = {isa = PBXBuildFile; fileRef = D490140014D54327002FE178 /* icon_name@2x.png */; };
		D490141314D54327002FE178 /* icon_profile.png in Resources */ = {isa = PBXBuildFile; fileRef = D490140114D54327002FE178 /* icon_profile.png */; };
		D490141414D54327002FE178 /* icon_profile@2x.png in Resources */ = {isa = PBXBuildFile; fileRef = D490140214D54327002FE178 /* icon_profile@2x.png */; };
		D490141514D54327002FE178 /* Sensor_disabled.png in Resources */ = {isa = PBXBuildFile; fileRef = D490140314D54327002FE178 /* Sensor_disabled.png */; };
		D490141614D54327002FE178 /* Sensor_disabled@2x.png in Resources */ = {isa = PBXBuildFile; fileRef = D490140414D54327002FE178 /* Sensor_disabled@2x.png */; };
		D490141714D54327002FE178 /* Sensor_enabled.png in Resources */ = {isa = PBXBuildFile; fileRef = D490140514D54327002FE178 /* Sensor_enabled.png */; };
		D490141814D54327002FE178 /* Sensor_enabled@2x.png in Resources */ = {isa = PBXBuildFile; fileRef = D490140614D54327002FE178 /* Sensor_enabled@2x.png */; };
		D490141914D54327002FE178 /* status_bar.png in Resources */ = {isa = PBXBuildFile; fileRef = D490140714D54327002FE178 /* status_bar.png */; };
		D490141A14D54327002FE178 /* status_bar@2x.png in Resources */ = {isa = PBXBuildFile; fileRef = D490140814D54327002FE178 /* status_bar@2x.png */; };
		D49CBE76147C9E9400468C36 /* Crysta.ttf in Resources */ = {isa = PBXBuildFile; fileRef = D49CBE75147C9E9400468C36 /* Crysta.ttf */; };
		D49F256314C55D500076F50C /* gauge.png in Resources */ = {isa = PBXBuildFile; fileRef = D49F255D14C55D500076F50C /* gauge.png */; };
		D49F256414C55D500076F50C /* gauge@2x.png in Resources */ = {isa = PBXBuildFile; fileRef = D49F255E14C55D500076F50C /* gauge@2x.png */; };
		D49F256514C55D500076F50C /* needle.png in Resources */ = {isa = PBXBuildFile; fileRef = D49F255F14C55D500076F50C /* needle.png */; };
		D49F256614C55D500076F50C /* needle@2x.png in Resources */ = {isa = PBXBuildFile; fileRef = D49F256014C55D500076F50C /* needle@2x.png */; };
		D49F256914C55F8A0076F50C /* QuartzCore.framework in Frameworks */ = {isa = PBXBuildFile; fileRef = D49F256814C55F8A0076F50C /* QuartzCore.framework */; };
		D49F257A14C56B2F0076F50C /* Security.framework in Frameworks */ = {isa = PBXBuildFile; fileRef = D49F257914C56B2F0076F50C /* Security.framework */; };
		D49F257D14C56BD60076F50C /* background_speedometer.png in Resources */ = {isa = PBXBuildFile; fileRef = D49F257B14C56BD60076F50C /* background_speedometer.png */; };
		D49F257E14C56BD60076F50C /* background_speedometer@2x.png in Resources */ = {isa = PBXBuildFile; fileRef = D49F257C14C56BD60076F50C /* background_speedometer@2x.png */; };
		D4A477CC153A19B8000D584F /* button.png in Resources */ = {isa = PBXBuildFile; fileRef = D4A477C8153A19B8000D584F /* button.png */; };
		D4A477CD153A19B8000D584F /* button@2x.png in Resources */ = {isa = PBXBuildFile; fileRef = D4A477C9153A19B8000D584F /* button@2x.png */; };
		D4A477CE153A19B8000D584F /* Default.png in Resources */ = {isa = PBXBuildFile; fileRef = D4A477CA153A19B8000D584F /* Default.png */; };
		D4A477CF153A19B8000D584F /* iBreathalyzerPro_512.png in Resources */ = {isa = PBXBuildFile; fileRef = D4A477CB153A19B8000D584F /* iBreathalyzerPro_512.png */; };
		D4AF79D814CB4C2C00938043 /* ding.aif in Resources */ = {isa = PBXBuildFile; fileRef = D4AF79D714CB4C2C00938043 /* ding.aif */; };
		D4AF79DA14CB55C000938043 /* ding.mp3 in Resources */ = {isa = PBXBuildFile; fileRef = D4AF79D914CB55C000938043 /* ding.mp3 */; };
		D4B172F614C253DD00D41047 /* CollegeThemeViewController.m in Sources */ = {isa = PBXBuildFile; fileRef = D4B172F414C253DD00D41047 /* CollegeThemeViewController.m */; };
		D4CE0CED1480A34A00425369 /* CoreData.framework in Frameworks */ = {isa = PBXBuildFile; fileRef = D4CE0CEC1480A34A00425369 /* CoreData.framework */; };
		D4DA5059152298500002EE51 /* college.png in Resources */ = {isa = PBXBuildFile; fileRef = D4DA5051152298500002EE51 /* college.png */; };
		D4DA505A152298500002EE51 /* college@2x.png in Resources */ = {isa = PBXBuildFile; fileRef = D4DA5052152298500002EE51 /* college@2x.png */; };
		D4DA505B152298500002EE51 /* kickstarter.png in Resources */ = {isa = PBXBuildFile; fileRef = D4DA5053152298500002EE51 /* kickstarter.png */; };
		D4DA505C152298500002EE51 /* kickstarter@2x.png in Resources */ = {isa = PBXBuildFile; fileRef = D4DA5054152298500002EE51 /* kickstarter@2x.png */; };
		D4DA505D152298500002EE51 /* speedo.png in Resources */ = {isa = PBXBuildFile; fileRef = D4DA5055152298500002EE51 /* speedo.png */; };
		D4DA505E152298500002EE51 /* speedo@2x.png in Resources */ = {isa = PBXBuildFile; fileRef = D4DA5056152298500002EE51 /* speedo@2x.png */; };
		D4DA505F152298500002EE51 /* standard.png in Resources */ = {isa = PBXBuildFile; fileRef = D4DA5057152298500002EE51 /* standard.png */; };
		D4DA5060152298500002EE51 /* standard@2x.png in Resources */ = {isa = PBXBuildFile; fileRef = D4DA5058152298500002EE51 /* standard@2x.png */; };
		D4E3687514BFE98700E1E7CE /* StandardThemeViewController.m in Sources */ = {isa = PBXBuildFile; fileRef = D4E3687314BFE98700E1E7CE /* StandardThemeViewController.m */; };
		D4E3687614BFE98700E1E7CE /* StandardThemeViewController.xib in Resources */ = {isa = PBXBuildFile; fileRef = D4E3687414BFE98700E1E7CE /* StandardThemeViewController.xib */; };
		D4FDFA5814B7A487001D06F1 /* Crysta.ttf in Resources */ = {isa = PBXBuildFile; fileRef = D4FDFA2A14B7A487001D06F1 /* Crysta.ttf */; };
		D4FDFA5914B7A487001D06F1 /* icon_fb.png in Resources */ = {isa = PBXBuildFile; fileRef = D4FDFA2C14B7A487001D06F1 /* icon_fb.png */; };
		D4FDFA5A14B7A487001D06F1 /* icon_fb@2x.png in Resources */ = {isa = PBXBuildFile; fileRef = D4FDFA2D14B7A487001D06F1 /* icon_fb@2x.png */; };
		D4FDFA5B14B7A487001D06F1 /* icon_sms.png in Resources */ = {isa = PBXBuildFile; fileRef = D4FDFA2E14B7A487001D06F1 /* icon_sms.png */; };
		D4FDFA5C14B7A487001D06F1 /* icon_sms@2x.png in Resources */ = {isa = PBXBuildFile; fileRef = D4FDFA2F14B7A487001D06F1 /* icon_sms@2x.png */; };
		D4FDFA5D14B7A487001D06F1 /* icon_twitter.png in Resources */ = {isa = PBXBuildFile; fileRef = D4FDFA3014B7A487001D06F1 /* icon_twitter.png */; };
		D4FDFA5E14B7A487001D06F1 /* icon_twitter@2x.png in Resources */ = {isa = PBXBuildFile; fileRef = D4FDFA3114B7A487001D06F1 /* icon_twitter@2x.png */; };
		D4FDFA6714B7A487001D06F1 /* icon_measure.png in Resources */ = {isa = PBXBuildFile; fileRef = D4FDFA3C14B7A487001D06F1 /* icon_measure.png */; };
		D4FDFA6814B7A487001D06F1 /* icon_prefs.png in Resources */ = {isa = PBXBuildFile; fileRef = D4FDFA3D14B7A487001D06F1 /* icon_prefs.png */; };
		D4FDFA6914B7A487001D06F1 /* background_beer.png in Resources */ = {isa = PBXBuildFile; fileRef = D4FDFA3F14B7A487001D06F1 /* background_beer.png */; };
		D4FDFA6A14B7A487001D06F1 /* background_beer@2x.png in Resources */ = {isa = PBXBuildFile; fileRef = D4FDFA4014B7A487001D06F1 /* background_beer@2x.png */; };
		D4FDFA6B14B7A487001D06F1 /* bar_green.png in Resources */ = {isa = PBXBuildFile; fileRef = D4FDFA4114B7A487001D06F1 /* bar_green.png */; };
		D4FDFA6C14B7A487001D06F1 /* bar_green@2x.png in Resources */ = {isa = PBXBuildFile; fileRef = D4FDFA4214B7A487001D06F1 /* bar_green@2x.png */; };
		D4FDFA6D14B7A487001D06F1 /* bar_lower.png in Resources */ = {isa = PBXBuildFile; fileRef = D4FDFA4314B7A487001D06F1 /* bar_lower.png */; };
		D4FDFA6E14B7A487001D06F1 /* bar_lower@2x.png in Resources */ = {isa = PBXBuildFile; fileRef = D4FDFA4414B7A487001D06F1 /* bar_lower@2x.png */; };
		D4FDFA6F14B7A487001D06F1 /* bar_red.png in Resources */ = {isa = PBXBuildFile; fileRef = D4FDFA4514B7A487001D06F1 /* bar_red.png */; };
		D4FDFA7014B7A487001D06F1 /* bar_red@2x.png in Resources */ = {isa = PBXBuildFile; fileRef = D4FDFA4614B7A487001D06F1 /* bar_red@2x.png */; };
		D4FDFA7114B7A487001D06F1 /* bar_upper.png in Resources */ = {isa = PBXBuildFile; fileRef = D4FDFA4714B7A487001D06F1 /* bar_upper.png */; };
		D4FDFA7214B7A487001D06F1 /* bar_upper@2x.png in Resources */ = {isa = PBXBuildFile; fileRef = D4FDFA4814B7A487001D06F1 /* bar_upper@2x.png */; };
		D4FDFA7314B7A487001D06F1 /* bar_yellow.png in Resources */ = {isa = PBXBuildFile; fileRef = D4FDFA4914B7A487001D06F1 /* bar_yellow.png */; };
		D4FDFA7414B7A487001D06F1 /* bar_yellow@2x.png in Resources */ = {isa = PBXBuildFile; fileRef = D4FDFA4A14B7A487001D06F1 /* bar_yellow@2x.png */; };
		D4FDFA7514B7A487001D06F1 /* background.png in Resources */ = {isa = PBXBuildFile; fileRef = D4FDFA4C14B7A487001D06F1 /* background.png */; };
		D4FDFA7614B7A487001D06F1 /* background@2x.png in Resources */ = {isa = PBXBuildFile; fileRef = D4FDFA4D14B7A487001D06F1 /* background@2x.png */; };
		D4FDFA7714B7A487001D06F1 /* circle.png in Resources */ = {isa = PBXBuildFile; fileRef = D4FDFA4E14B7A487001D06F1 /* circle.png */; };
		D4FDFA7814B7A487001D06F1 /* circle@2x.png in Resources */ = {isa = PBXBuildFile; fileRef = D4FDFA4F14B7A487001D06F1 /* circle@2x.png */; };
		D4FDFA7914B7A487001D06F1 /* info_box.png in Resources */ = {isa = PBXBuildFile; fileRef = D4FDFA5014B7A487001D06F1 /* info_box.png */; };
		D4FDFA7A14B7A487001D06F1 /* info_box@2x.png in Resources */ = {isa = PBXBuildFile; fileRef = D4FDFA5114B7A487001D06F1 /* info_box@2x.png */; };
		D4FDFA7B14B7A487001D06F1 /* message_box.png in Resources */ = {isa = PBXBuildFile; fileRef = D4FDFA5214B7A487001D06F1 /* message_box.png */; };
		D4FDFA7C14B7A487001D06F1 /* message_box@2x.png in Resources */ = {isa = PBXBuildFile; fileRef = D4FDFA5314B7A487001D06F1 /* message_box@2x.png */; };
/* End PBXBuildFile section */

/* Begin PBXFileReference section */
		1D30AB110D05D00D00671497 /* Foundation.framework */ = {isa = PBXFileReference; lastKnownFileType = wrapper.framework; name = Foundation.framework; path = System/Library/Frameworks/Foundation.framework; sourceTree = SDKROOT; };
		1DF5F4DF0D08C38300B7A737 /* UIKit.framework */ = {isa = PBXFileReference; lastKnownFileType = wrapper.framework; name = UIKit.framework; path = System/Library/Frameworks/UIKit.framework; sourceTree = SDKROOT; };
		280E754C0DD40C5E005A515E /* MainWindow.xib */ = {isa = PBXFileReference; lastKnownFileType = file.xib; path = MainWindow.xib; sourceTree = "<group>"; };
		288765580DF743DE002DB57D /* CoreGraphics.framework */ = {isa = PBXFileReference; lastKnownFileType = wrapper.framework; name = CoreGraphics.framework; path = System/Library/Frameworks/CoreGraphics.framework; sourceTree = SDKROOT; };
		29B97316FDCFA39411CA2CEA /* main.m */ = {isa = PBXFileReference; fileEncoding = 4; lastKnownFileType = sourcecode.c.objc; path = main.m; sourceTree = "<group>"; };
		32CA4F630368D1EE00C91783 /* iDrank_Prefix.pch */ = {isa = PBXFileReference; fileEncoding = 4; lastKnownFileType = sourcecode.c.h; path = iDrank_Prefix.pch; sourceTree = "<group>"; };
		7000540611E5FD1200ED71EB /* AVFoundation.framework */ = {isa = PBXFileReference; lastKnownFileType = wrapper.framework; name = AVFoundation.framework; path = System/Library/Frameworks/AVFoundation.framework; sourceTree = SDKROOT; };
		702E1D1C118D270B00141E6A /* AudioToolbox.framework */ = {isa = PBXFileReference; lastKnownFileType = wrapper.framework; name = AudioToolbox.framework; path = System/Library/Frameworks/AudioToolbox.framework; sourceTree = SDKROOT; };
		70BA824C11BA507600005CF1 /* iDrank.app */ = {isa = PBXFileReference; explicitFileType = wrapper.application; includeInIndex = 0; path = iDrank.app; sourceTree = BUILT_PRODUCTS_DIR; };
		8D1107310486CEB800E47090 /* iDrank-Info.plist */ = {isa = PBXFileReference; fileEncoding = 4; lastKnownFileType = text.plist.xml; path = "iDrank-Info.plist"; plistStructureDefinitionIdentifier = "com.apple.xcode.plist.structure-definition.iphone.info-plist"; sourceTree = "<group>"; };
		D4352E3114BC20F7002A4A57 /* UserController.h */ = {isa = PBXFileReference; fileEncoding = 4; lastKnownFileType = sourcecode.c.h; path = UserController.h; sourceTree = "<group>"; };
		D4352E3214BC20F7002A4A57 /* UserController.m */ = {isa = PBXFileReference; fileEncoding = 4; lastKnownFileType = sourcecode.c.objc; path = UserController.m; sourceTree = "<group>"; };
		D4352E3514BC2237002A4A57 /* ProfileSelectionViewController.h */ = {isa = PBXFileReference; fileEncoding = 4; lastKnownFileType = sourcecode.c.h; path = ProfileSelectionViewController.h; sourceTree = "<group>"; };
		D4352E3614BC2237002A4A57 /* ProfileSelectionViewController.m */ = {isa = PBXFileReference; fileEncoding = 4; lastKnownFileType = sourcecode.c.objc; path = ProfileSelectionViewController.m; sourceTree = "<group>"; };
		D4352E3714BC2237002A4A57 /* ProfileSelectionViewController.xib */ = {isa = PBXFileReference; fileEncoding = 4; lastKnownFileType = file.xib; path = ProfileSelectionViewController.xib; sourceTree = "<group>"; };
		D44711031519CB9D00694E81 /* ManualEntryPopupViewController.xib */ = {isa = PBXFileReference; fileEncoding = 4; lastKnownFileType = file.xib; path = ManualEntryPopupViewController.xib; sourceTree = "<group>"; };
		D44711041519CB9D00694E81 /* ManualEntryPopupViewController.m */ = {isa = PBXFileReference; fileEncoding = 4; lastKnownFileType = sourcecode.c.objc; path = ManualEntryPopupViewController.m; sourceTree = "<group>"; };
		D44711051519CB9D00694E81 /* ManualEntryPopupViewController.h */ = {isa = PBXFileReference; fileEncoding = 4; lastKnownFileType = sourcecode.c.h; path = ManualEntryPopupViewController.h; sourceTree = "<group>"; };
		D44711061519CB9D00694E81 /* DisclaimerViewController.xib */ = {isa = PBXFileReference; fileEncoding = 4; lastKnownFileType = file.xib; path = DisclaimerViewController.xib; sourceTree = "<group>"; };
		D44711071519CB9D00694E81 /* DisclaimerViewController.m */ = {isa = PBXFileReference; fileEncoding = 4; lastKnownFileType = sourcecode.c.objc; path = DisclaimerViewController.m; sourceTree = "<group>"; };
		D44711081519CB9D00694E81 /* DisclaimerViewController.h */ = {isa = PBXFileReference; fileEncoding = 4; lastKnownFileType = sourcecode.c.h; path = DisclaimerViewController.h; sourceTree = "<group>"; };
		D448853514FCC5510051B241 /* FSKController.h */ = {isa = PBXFileReference; fileEncoding = 4; lastKnownFileType = sourcecode.c.h; path = FSKController.h; sourceTree = "<group>"; };
		D448853614FCC5510051B241 /* FSKController.m */ = {isa = PBXFileReference; fileEncoding = 4; lastKnownFileType = sourcecode.c.objc; path = FSKController.m; sourceTree = "<group>"; };
		D44D544214B51526005FCE7C /* iDrankAppDelegate.h */ = {isa = PBXFileReference; fileEncoding = 4; lastKnownFileType = sourcecode.c.h; path = iDrankAppDelegate.h; sourceTree = "<group>"; };
		D44D544314B51526005FCE7C /* iDrankAppDelegate.m */ = {isa = PBXFileReference; fileEncoding = 4; lastKnownFileType = sourcecode.c.objc; path = iDrankAppDelegate.m; sourceTree = "<group>"; };
		D44D544514B51526005FCE7C /* BACController.h */ = {isa = PBXFileReference; fileEncoding = 4; lastKnownFileType = sourcecode.c.h; path = BACController.h; sourceTree = "<group>"; };
		D44D544614B51526005FCE7C /* BACController.m */ = {isa = PBXFileReference; fileEncoding = 4; lastKnownFileType = sourcecode.c.objc; path = BACController.m; sourceTree = "<group>"; };
		D44D544714B51526005FCE7C /* Theme.h */ = {isa = PBXFileReference; fileEncoding = 4; lastKnownFileType = sourcecode.c.h; path = Theme.h; sourceTree = "<group>"; };
		D44D544814B51526005FCE7C /* Theme.m */ = {isa = PBXFileReference; fileEncoding = 4; lastKnownFileType = sourcecode.c.objc; path = Theme.m; sourceTree = "<group>"; };
		D44D544A14B51526005FCE7C /* BACEvent.h */ = {isa = PBXFileReference; fileEncoding = 4; lastKnownFileType = sourcecode.c.h; path = BACEvent.h; sourceTree = "<group>"; };
		D44D544B14B51526005FCE7C /* BACEvent.m */ = {isa = PBXFileReference; fileEncoding = 4; lastKnownFileType = sourcecode.c.objc; path = BACEvent.m; sourceTree = "<group>"; };
		D44D544D14B51526005FCE7C /* AudioQueueObject.h */ = {isa = PBXFileReference; fileEncoding = 4; lastKnownFileType = sourcecode.c.h; path = AudioQueueObject.h; sourceTree = "<group>"; };
		D44D544E14B51526005FCE7C /* AudioQueueObject.m */ = {isa = PBXFileReference; fileEncoding = 4; lastKnownFileType = sourcecode.c.objc; path = AudioQueueObject.m; sourceTree = "<group>"; };
		D44D544F14B51526005FCE7C /* AudioSignalAnalyzer.h */ = {isa = PBXFileReference; fileEncoding = 4; lastKnownFileType = sourcecode.c.h; path = AudioSignalAnalyzer.h; sourceTree = "<group>"; };
		D44D545014B51526005FCE7C /* AudioSignalAnalyzer.m */ = {isa = PBXFileReference; fileEncoding = 4; lastKnownFileType = sourcecode.c.objc; path = AudioSignalAnalyzer.m; sourceTree = "<group>"; };
		D44D545114B51526005FCE7C /* AudioSignalGenerator.h */ = {isa = PBXFileReference; fileEncoding = 4; lastKnownFileType = sourcecode.c.h; path = AudioSignalGenerator.h; sourceTree = "<group>"; };
		D44D545214B51526005FCE7C /* AudioSignalGenerator.m */ = {isa = PBXFileReference; fileEncoding = 4; lastKnownFileType = sourcecode.c.objc; path = AudioSignalGenerator.m; sourceTree = "<group>"; };
		D44D545314B51526005FCE7C /* aurio_helper.cpp */ = {isa = PBXFileReference; fileEncoding = 4; lastKnownFileType = sourcecode.cpp.cpp; path = aurio_helper.cpp; sourceTree = "<group>"; };
		D44D545414B51526005FCE7C /* aurio_helper.h */ = {isa = PBXFileReference; fileEncoding = 4; lastKnownFileType = sourcecode.c.h; path = aurio_helper.h; sourceTree = "<group>"; };
		D44D545514B51526005FCE7C /* CADebugMacros.cpp */ = {isa = PBXFileReference; fileEncoding = 4; lastKnownFileType = sourcecode.cpp.cpp; path = CADebugMacros.cpp; sourceTree = "<group>"; };
		D44D545614B51526005FCE7C /* CADebugMacros.h */ = {isa = PBXFileReference; fileEncoding = 4; lastKnownFileType = sourcecode.c.h; path = CADebugMacros.h; sourceTree = "<group>"; };
		D44D545714B51526005FCE7C /* CAMath.h */ = {isa = PBXFileReference; fileEncoding = 4; lastKnownFileType = sourcecode.c.h; path = CAMath.h; sourceTree = "<group>"; };
		D44D545814B51526005FCE7C /* CAStreamBasicDescription.cpp */ = {isa = PBXFileReference; fileEncoding = 4; lastKnownFileType = sourcecode.cpp.cpp; path = CAStreamBasicDescription.cpp; sourceTree = "<group>"; };
		D44D545914B51526005FCE7C /* CAStreamBasicDescription.h */ = {isa = PBXFileReference; fileEncoding = 4; lastKnownFileType = sourcecode.c.h; path = CAStreamBasicDescription.h; sourceTree = "<group>"; };
		D44D545A14B51526005FCE7C /* CAXException.cpp */ = {isa = PBXFileReference; fileEncoding = 4; lastKnownFileType = sourcecode.cpp.cpp; path = CAXException.cpp; sourceTree = "<group>"; };
		D44D545B14B51526005FCE7C /* CAXException.h */ = {isa = PBXFileReference; fileEncoding = 4; lastKnownFileType = sourcecode.c.h; path = CAXException.h; sourceTree = "<group>"; };
		D44D545C14B51526005FCE7C /* CharReceiver.h */ = {isa = PBXFileReference; fileEncoding = 4; lastKnownFileType = sourcecode.c.h; path = CharReceiver.h; sourceTree = "<group>"; };
		D44D545D14B51526005FCE7C /* FSKByteQueue.h */ = {isa = PBXFileReference; fileEncoding = 4; lastKnownFileType = sourcecode.c.h; path = FSKByteQueue.h; sourceTree = "<group>"; };
		D44D545E14B51526005FCE7C /* FSKModemConfig.h */ = {isa = PBXFileReference; fileEncoding = 4; lastKnownFileType = sourcecode.c.h; path = FSKModemConfig.h; sourceTree = "<group>"; };
		D44D545F14B51526005FCE7C /* FSKRecognizer.h */ = {isa = PBXFileReference; fileEncoding = 4; lastKnownFileType = sourcecode.c.h; path = FSKRecognizer.h; sourceTree = "<group>"; };
		D44D546014B51526005FCE7C /* FSKRecognizer.mm */ = {isa = PBXFileReference; fileEncoding = 4; lastKnownFileType = sourcecode.cpp.objcpp; path = FSKRecognizer.mm; sourceTree = "<group>"; };
		D44D546114B51526005FCE7C /* FSKSerialGenerator.h */ = {isa = PBXFileReference; fileEncoding = 4; lastKnownFileType = sourcecode.c.h; path = FSKSerialGenerator.h; sourceTree = "<group>"; };
		D44D546214B51526005FCE7C /* FSKSerialGenerator.mm */ = {isa = PBXFileReference; fileEncoding = 4; lastKnownFileType = sourcecode.cpp.objcpp; path = FSKSerialGenerator.mm; sourceTree = "<group>"; };
		D44D546314B51526005FCE7C /* HiJackMgr.h */ = {isa = PBXFileReference; fileEncoding = 4; lastKnownFileType = sourcecode.c.h; path = HiJackMgr.h; sourceTree = "<group>"; };
		D44D546414B51526005FCE7C /* HiJackMgr.mm */ = {isa = PBXFileReference; fileEncoding = 4; lastKnownFileType = sourcecode.cpp.objcpp; path = HiJackMgr.mm; sourceTree = "<group>"; };
		D44D546514B51526005FCE7C /* lockfree.h */ = {isa = PBXFileReference; fileEncoding = 4; lastKnownFileType = sourcecode.c.h; path = lockfree.h; sourceTree = "<group>"; };
		D44D546614B51526005FCE7C /* MultiDelegate.h */ = {isa = PBXFileReference; fileEncoding = 4; lastKnownFileType = sourcecode.c.h; path = MultiDelegate.h; sourceTree = "<group>"; };
		D44D546714B51526005FCE7C /* MultiDelegate.m */ = {isa = PBXFileReference; fileEncoding = 4; lastKnownFileType = sourcecode.c.objc; path = MultiDelegate.m; sourceTree = "<group>"; };
		D44D546814B51526005FCE7C /* PatternRecognizer.h */ = {isa = PBXFileReference; fileEncoding = 4; lastKnownFileType = sourcecode.c.h; path = PatternRecognizer.h; sourceTree = "<group>"; };
		D44D546A14B51526005FCE7C /* MainView.xib */ = {isa = PBXFileReference; fileEncoding = 4; lastKnownFileType = file.xib; path = MainView.xib; sourceTree = "<group>"; };
		D44D546B14B51526005FCE7C /* MainViewController.h */ = {isa = PBXFileReference; fileEncoding = 4; lastKnownFileType = sourcecode.c.h; path = MainViewController.h; sourceTree = "<group>"; };
		D44D546C14B51526005FCE7C /* MainViewController.m */ = {isa = PBXFileReference; fileEncoding = 4; lastKnownFileType = sourcecode.c.objc; path = MainViewController.m; sourceTree = "<group>"; };
		D44D546E14B51526005FCE7C /* MeasureViewController.h */ = {isa = PBXFileReference; fileEncoding = 4; lastKnownFileType = sourcecode.c.h; path = MeasureViewController.h; sourceTree = "<group>"; };
		D44D546F14B51526005FCE7C /* MeasureViewController.m */ = {isa = PBXFileReference; fileEncoding = 4; lastKnownFileType = sourcecode.c.objc; path = MeasureViewController.m; sourceTree = "<group>"; };
		D44D547114B51526005FCE7C /* PrefsViewController.h */ = {isa = PBXFileReference; fileEncoding = 4; lastKnownFileType = sourcecode.c.h; path = PrefsViewController.h; sourceTree = "<group>"; };
		D44D547214B51526005FCE7C /* PrefsViewController.m */ = {isa = PBXFileReference; fileEncoding = 4; lastKnownFileType = sourcecode.c.objc; path = PrefsViewController.m; sourceTree = "<group>"; };
		D44D547314B51526005FCE7C /* PrefsViewController.xib */ = {isa = PBXFileReference; fileEncoding = 4; lastKnownFileType = file.xib; path = PrefsViewController.xib; sourceTree = "<group>"; };
		D44D547414B51526005FCE7C /* ReadingsViewController.h */ = {isa = PBXFileReference; fileEncoding = 4; lastKnownFileType = sourcecode.c.h; path = ReadingsViewController.h; sourceTree = "<group>"; };
		D44D547514B51526005FCE7C /* ReadingsViewController.m */ = {isa = PBXFileReference; fileEncoding = 4; lastKnownFileType = sourcecode.c.objc; path = ReadingsViewController.m; sourceTree = "<group>"; };
		D44D547614B51526005FCE7C /* ReadingsViewController.xib */ = {isa = PBXFileReference; fileEncoding = 4; lastKnownFileType = file.xib; path = ReadingsViewController.xib; sourceTree = "<group>"; };
		D44D547714B51526005FCE7C /* StatusBar.h */ = {isa = PBXFileReference; fileEncoding = 4; lastKnownFileType = sourcecode.c.h; path = StatusBar.h; sourceTree = "<group>"; };
		D44D547814B51526005FCE7C /* StatusBar.m */ = {isa = PBXFileReference; fileEncoding = 4; lastKnownFileType = sourcecode.c.objc; path = StatusBar.m; sourceTree = "<group>"; };
		D44D547914B51526005FCE7C /* StatusBar.xib */ = {isa = PBXFileReference; fileEncoding = 4; lastKnownFileType = file.xib; path = StatusBar.xib; sourceTree = "<group>"; };
		D44D549914B517DD005FCE7C /* BACStrings.plist */ = {isa = PBXFileReference; fileEncoding = 4; lastKnownFileType = text.plist.xml; path = BACStrings.plist; sourceTree = "<group>"; };
		D44D54B214B52892005FCE7C /* Facebook.h */ = {isa = PBXFileReference; fileEncoding = 4; lastKnownFileType = sourcecode.c.h; path = Facebook.h; sourceTree = "<group>"; };
		D44D54B314B52892005FCE7C /* Facebook.m */ = {isa = PBXFileReference; fileEncoding = 4; lastKnownFileType = sourcecode.c.objc; path = Facebook.m; sourceTree = "<group>"; };
		D44D54B414B52892005FCE7C /* FBConnect.h */ = {isa = PBXFileReference; fileEncoding = 4; lastKnownFileType = sourcecode.c.h; path = FBConnect.h; sourceTree = "<group>"; };
		D44D54B514B52892005FCE7C /* FBDialog.bundle */ = {isa = PBXFileReference; lastKnownFileType = "wrapper.plug-in"; path = FBDialog.bundle; sourceTree = "<group>"; };
		D44D54B614B52892005FCE7C /* FBDialog.h */ = {isa = PBXFileReference; fileEncoding = 4; lastKnownFileType = sourcecode.c.h; path = FBDialog.h; sourceTree = "<group>"; };
		D44D54B714B52892005FCE7C /* FBDialog.m */ = {isa = PBXFileReference; fileEncoding = 4; lastKnownFileType = sourcecode.c.objc; path = FBDialog.m; sourceTree = "<group>"; };
		D44D54B814B52892005FCE7C /* FBLoginDialog.h */ = {isa = PBXFileReference; fileEncoding = 4; lastKnownFileType = sourcecode.c.h; path = FBLoginDialog.h; sourceTree = "<group>"; };
		D44D54B914B52892005FCE7C /* FBLoginDialog.m */ = {isa = PBXFileReference; fileEncoding = 4; lastKnownFileType = sourcecode.c.objc; path = FBLoginDialog.m; sourceTree = "<group>"; };
		D44D54BA14B52892005FCE7C /* FBRequest.h */ = {isa = PBXFileReference; fileEncoding = 4; lastKnownFileType = sourcecode.c.h; path = FBRequest.h; sourceTree = "<group>"; };
		D44D54BB14B52892005FCE7C /* FBRequest.m */ = {isa = PBXFileReference; fileEncoding = 4; lastKnownFileType = sourcecode.c.objc; path = FBRequest.m; sourceTree = "<group>"; };
		D44D54BD14B52892005FCE7C /* JSON.h */ = {isa = PBXFileReference; fileEncoding = 4; lastKnownFileType = sourcecode.c.h; path = JSON.h; sourceTree = "<group>"; };
		D44D54BE14B52892005FCE7C /* NSObject+SBJSON.h */ = {isa = PBXFileReference; fileEncoding = 4; lastKnownFileType = sourcecode.c.h; path = "NSObject+SBJSON.h"; sourceTree = "<group>"; };
		D44D54BF14B52892005FCE7C /* NSObject+SBJSON.m */ = {isa = PBXFileReference; fileEncoding = 4; lastKnownFileType = sourcecode.c.objc; path = "NSObject+SBJSON.m"; sourceTree = "<group>"; };
		D44D54C014B52892005FCE7C /* NSString+SBJSON.h */ = {isa = PBXFileReference; fileEncoding = 4; lastKnownFileType = sourcecode.c.h; path = "NSString+SBJSON.h"; sourceTree = "<group>"; };
		D44D54C114B52892005FCE7C /* NSString+SBJSON.m */ = {isa = PBXFileReference; fileEncoding = 4; lastKnownFileType = sourcecode.c.objc; path = "NSString+SBJSON.m"; sourceTree = "<group>"; };
		D44D54C214B52892005FCE7C /* SBJSON.h */ = {isa = PBXFileReference; fileEncoding = 4; lastKnownFileType = sourcecode.c.h; path = SBJSON.h; sourceTree = "<group>"; };
		D44D54C314B52892005FCE7C /* SBJSON.m */ = {isa = PBXFileReference; fileEncoding = 4; lastKnownFileType = sourcecode.c.objc; path = SBJSON.m; sourceTree = "<group>"; };
		D44D54C414B52892005FCE7C /* SBJsonBase.h */ = {isa = PBXFileReference; fileEncoding = 4; lastKnownFileType = sourcecode.c.h; path = SBJsonBase.h; sourceTree = "<group>"; };
		D44D54C514B52892005FCE7C /* SBJsonBase.m */ = {isa = PBXFileReference; fileEncoding = 4; lastKnownFileType = sourcecode.c.objc; path = SBJsonBase.m; sourceTree = "<group>"; };
		D44D54C614B52892005FCE7C /* SBJsonParser.h */ = {isa = PBXFileReference; fileEncoding = 4; lastKnownFileType = sourcecode.c.h; path = SBJsonParser.h; sourceTree = "<group>"; };
		D44D54C714B52892005FCE7C /* SBJsonParser.m */ = {isa = PBXFileReference; fileEncoding = 4; lastKnownFileType = sourcecode.c.objc; path = SBJsonParser.m; sourceTree = "<group>"; };
		D44D54C814B52892005FCE7C /* SBJsonWriter.h */ = {isa = PBXFileReference; fileEncoding = 4; lastKnownFileType = sourcecode.c.h; path = SBJsonWriter.h; sourceTree = "<group>"; };
		D44D54C914B52892005FCE7C /* SBJsonWriter.m */ = {isa = PBXFileReference; fileEncoding = 4; lastKnownFileType = sourcecode.c.objc; path = SBJsonWriter.m; sourceTree = "<group>"; };
		D44D54D914B57888005FCE7C /* MessageUI.framework */ = {isa = PBXFileReference; lastKnownFileType = wrapper.framework; name = MessageUI.framework; path = System/Library/Frameworks/MessageUI.framework; sourceTree = SDKROOT; };
		D44D54DB14B586F5005FCE7C /* Twitter.framework */ = {isa = PBXFileReference; lastKnownFileType = wrapper.framework; name = Twitter.framework; path = System/Library/Frameworks/Twitter.framework; sourceTree = SDKROOT; };
		D44D54DD14B66DD9005FCE7C /* LocationController.h */ = {isa = PBXFileReference; fileEncoding = 4; lastKnownFileType = sourcecode.c.h; path = LocationController.h; sourceTree = "<group>"; };
		D44D54DE14B66DD9005FCE7C /* LocationController.m */ = {isa = PBXFileReference; fileEncoding = 4; lastKnownFileType = sourcecode.c.objc; path = LocationController.m; sourceTree = "<group>"; };
		D44D54E014B66DFE005FCE7C /* CoreLocation.framework */ = {isa = PBXFileReference; lastKnownFileType = wrapper.framework; name = CoreLocation.framework; path = System/Library/Frameworks/CoreLocation.framework; sourceTree = SDKROOT; };
		D450E75014847CCE00C11827 /* iDrank.xcdatamodel */ = {isa = PBXFileReference; lastKnownFileType = wrapper.xcdatamodel; path = iDrank.xcdatamodel; sourceTree = "<group>"; };
		D46A40C414F3270D00EDF7DA /* InstructionsViewController.h */ = {isa = PBXFileReference; fileEncoding = 4; lastKnownFileType = sourcecode.c.h; path = InstructionsViewController.h; sourceTree = "<group>"; };
		D46A40C514F3270D00EDF7DA /* InstructionsViewController.m */ = {isa = PBXFileReference; fileEncoding = 4; lastKnownFileType = sourcecode.c.objc; path = InstructionsViewController.m; sourceTree = "<group>"; };
		D46A40C614F3270D00EDF7DA /* InstructionsViewController.xib */ = {isa = PBXFileReference; fileEncoding = 4; lastKnownFileType = file.xib; path = InstructionsViewController.xib; sourceTree = "<group>"; };
		D471D22014C259F3008694C1 /* CollegeThemeViewController.xib */ = {isa = PBXFileReference; fileEncoding = 4; lastKnownFileType = file.xib; path = CollegeThemeViewController.xib; sourceTree = "<group>"; };
		D476E4E514BCCC1700BFB38E /* ReadingsTableViewCell.h */ = {isa = PBXFileReference; fileEncoding = 4; lastKnownFileType = sourcecode.c.h; path = ReadingsTableViewCell.h; sourceTree = "<group>"; };
		D476E4E614BCCC1700BFB38E /* ReadingsTableViewCell.m */ = {isa = PBXFileReference; fileEncoding = 4; lastKnownFileType = sourcecode.c.objc; path = ReadingsTableViewCell.m; sourceTree = "<group>"; };
		D476E4E714BCCC1700BFB38E /* ReadingsTableViewCell.xib */ = {isa = PBXFileReference; fileEncoding = 4; lastKnownFileType = file.xib; path = ReadingsTableViewCell.xib; sourceTree = "<group>"; };
		D476E4FB14BCCFF200BFB38E /* tableCell_background.png */ = {isa = PBXFileReference; lastKnownFileType = image.png; path = tableCell_background.png; sourceTree = "<group>"; };
		D476E4FC14BCCFF200BFB38E /* tableCell_background@2x.png */ = {isa = PBXFileReference; lastKnownFileType = image.png; path = "tableCell_background@2x.png"; sourceTree = "<group>"; };
		D49013F614D54327002FE178 /* Default.png */ = {isa = PBXFileReference; lastKnownFileType = image.png; path = Default.png; sourceTree = "<group>"; };
		D49013F714D54327002FE178 /* Default@2x.png */ = {isa = PBXFileReference; lastKnownFileType = image.png; path = "Default@2x.png"; sourceTree = "<group>"; };
		D49013F814D54327002FE178 /* Icon.png */ = {isa = PBXFileReference; lastKnownFileType = image.png; path = Icon.png; sourceTree = "<group>"; };
		D49013F914D54327002FE178 /* Icon@2x.png */ = {isa = PBXFileReference; lastKnownFileType = image.png; path = "Icon@2x.png"; sourceTree = "<group>"; };
		D49013FB14D54327002FE178 /* icon_headphone_jack.png */ = {isa = PBXFileReference; lastKnownFileType = image.png; path = icon_headphone_jack.png; sourceTree = "<group>"; };
		D49013FC14D54327002FE178 /* icon_headphone_jack@2x.png */ = {isa = PBXFileReference; lastKnownFileType = image.png; path = "icon_headphone_jack@2x.png"; sourceTree = "<group>"; };
		D49013FD14D54327002FE178 /* icon_location.png */ = {isa = PBXFileReference; lastKnownFileType = image.png; path = icon_location.png; sourceTree = "<group>"; };
		D49013FE14D54327002FE178 /* icon_location@2x.png */ = {isa = PBXFileReference; lastKnownFileType = image.png; path = "icon_location@2x.png"; sourceTree = "<group>"; };
		D49013FF14D54327002FE178 /* icon_name.png */ = {isa = PBXFileReference; lastKnownFileType = image.png; path = icon_name.png; sourceTree = "<group>"; };
		D490140014D54327002FE178 /* icon_name@2x.png */ = {isa = PBXFileReference; lastKnownFileType = image.png; path = "icon_name@2x.png"; sourceTree = "<group>"; };
		D490140114D54327002FE178 /* icon_profile.png */ = {isa = PBXFileReference; lastKnownFileType = image.png; path = icon_profile.png; sourceTree = "<group>"; };
		D490140214D54327002FE178 /* icon_profile@2x.png */ = {isa = PBXFileReference; lastKnownFileType = image.png; path = "icon_profile@2x.png"; sourceTree = "<group>"; };
		D490140314D54327002FE178 /* Sensor_disabled.png */ = {isa = PBXFileReference; lastKnownFileType = image.png; path = Sensor_disabled.png; sourceTree = "<group>"; };
		D490140414D54327002FE178 /* Sensor_disabled@2x.png */ = {isa = PBXFileReference; lastKnownFileType = image.png; path = "Sensor_disabled@2x.png"; sourceTree = "<group>"; };
		D490140514D54327002FE178 /* Sensor_enabled.png */ = {isa = PBXFileReference; lastKnownFileType = image.png; path = Sensor_enabled.png; sourceTree = "<group>"; };
		D490140614D54327002FE178 /* Sensor_enabled@2x.png */ = {isa = PBXFileReference; lastKnownFileType = image.png; path = "Sensor_enabled@2x.png"; sourceTree = "<group>"; };
		D490140714D54327002FE178 /* status_bar.png */ = {isa = PBXFileReference; lastKnownFileType = image.png; path = status_bar.png; sourceTree = "<group>"; };
		D490140814D54327002FE178 /* status_bar@2x.png */ = {isa = PBXFileReference; lastKnownFileType = image.png; path = "status_bar@2x.png"; sourceTree = "<group>"; };
		D49CBE5A147C93FC00468C36 /* Constants.h */ = {isa = PBXFileReference; fileEncoding = 4; lastKnownFileType = sourcecode.c.h; path = Constants.h; sourceTree = "<group>"; };
		D49CBE75147C9E9400468C36 /* Crysta.ttf */ = {isa = PBXFileReference; lastKnownFileType = file; name = Crysta.ttf; path = images/Crysta.ttf; sourceTree = "<group>"; };
		D49F255D14C55D500076F50C /* gauge.png */ = {isa = PBXFileReference; lastKnownFileType = image.png; path = gauge.png; sourceTree = "<group>"; };
		D49F255E14C55D500076F50C /* gauge@2x.png */ = {isa = PBXFileReference; lastKnownFileType = image.png; path = "gauge@2x.png"; sourceTree = "<group>"; };
		D49F255F14C55D500076F50C /* needle.png */ = {isa = PBXFileReference; lastKnownFileType = image.png; path = needle.png; sourceTree = "<group>"; };
		D49F256014C55D500076F50C /* needle@2x.png */ = {isa = PBXFileReference; lastKnownFileType = image.png; path = "needle@2x.png"; sourceTree = "<group>"; };
		D49F256814C55F8A0076F50C /* QuartzCore.framework */ = {isa = PBXFileReference; lastKnownFileType = wrapper.framework; name = QuartzCore.framework; path = System/Library/Frameworks/QuartzCore.framework; sourceTree = SDKROOT; };
		D49F257914C56B2F0076F50C /* Security.framework */ = {isa = PBXFileReference; lastKnownFileType = wrapper.framework; name = Security.framework; path = System/Library/Frameworks/Security.framework; sourceTree = SDKROOT; };
		D49F257B14C56BD60076F50C /* background_speedometer.png */ = {isa = PBXFileReference; lastKnownFileType = image.png; path = background_speedometer.png; sourceTree = "<group>"; };
		D49F257C14C56BD60076F50C /* background_speedometer@2x.png */ = {isa = PBXFileReference; lastKnownFileType = image.png; path = "background_speedometer@2x.png"; sourceTree = "<group>"; };
		D4A477C8153A19B8000D584F /* button.png */ = {isa = PBXFileReference; lastKnownFileType = image.png; path = button.png; sourceTree = "<group>"; };
		D4A477C9153A19B8000D584F /* button@2x.png */ = {isa = PBXFileReference; lastKnownFileType = image.png; path = "button@2x.png"; sourceTree = "<group>"; };
		D4A477CA153A19B8000D584F /* Default.png */ = {isa = PBXFileReference; lastKnownFileType = image.png; path = Default.png; sourceTree = "<group>"; };
		D4A477CB153A19B8000D584F /* iBreathalyzerPro_512.png */ = {isa = PBXFileReference; lastKnownFileType = image.png; path = iBreathalyzerPro_512.png; sourceTree = "<group>"; };
		D4AF79D714CB4C2C00938043 /* ding.aif */ = {isa = PBXFileReference; lastKnownFileType = file; path = ding.aif; sourceTree = "<group>"; };
		D4AF79D914CB55C000938043 /* ding.mp3 */ = {isa = PBXFileReference; lastKnownFileType = audio.mp3; path = ding.mp3; sourceTree = "<group>"; };
		D4B172F314C253DC00D41047 /* CollegeThemeViewController.h */ = {isa = PBXFileReference; fileEncoding = 4; lastKnownFileType = sourcecode.c.h; path = CollegeThemeViewController.h; sourceTree = "<group>"; };
		D4B172F414C253DD00D41047 /* CollegeThemeViewController.m */ = {isa = PBXFileReference; fileEncoding = 4; lastKnownFileType = sourcecode.c.objc; path = CollegeThemeViewController.m; sourceTree = "<group>"; };
		D4CE0CEC1480A34A00425369 /* CoreData.framework */ = {isa = PBXFileReference; lastKnownFileType = wrapper.framework; name = CoreData.framework; path = System/Library/Frameworks/CoreData.framework; sourceTree = SDKROOT; };
		D4DA5051152298500002EE51 /* college.png */ = {isa = PBXFileReference; lastKnownFileType = image.png; path = college.png; sourceTree = "<group>"; };
		D4DA5052152298500002EE51 /* college@2x.png */ = {isa = PBXFileReference; lastKnownFileType = image.png; path = "college@2x.png"; sourceTree = "<group>"; };
		D4DA5053152298500002EE51 /* kickstarter.png */ = {isa = PBXFileReference; lastKnownFileType = image.png; path = kickstarter.png; sourceTree = "<group>"; };
		D4DA5054152298500002EE51 /* kickstarter@2x.png */ = {isa = PBXFileReference; lastKnownFileType = image.png; path = "kickstarter@2x.png"; sourceTree = "<group>"; };
		D4DA5055152298500002EE51 /* speedo.png */ = {isa = PBXFileReference; lastKnownFileType = image.png; path = speedo.png; sourceTree = "<group>"; };
		D4DA5056152298500002EE51 /* speedo@2x.png */ = {isa = PBXFileReference; lastKnownFileType = image.png; path = "speedo@2x.png"; sourceTree = "<group>"; };
		D4DA5057152298500002EE51 /* standard.png */ = {isa = PBXFileReference; lastKnownFileType = image.png; path = standard.png; sourceTree = "<group>"; };
		D4DA5058152298500002EE51 /* standard@2x.png */ = {isa = PBXFileReference; lastKnownFileType = image.png; path = "standard@2x.png"; sourceTree = "<group>"; };
		D4E3687214BFE98700E1E7CE /* StandardThemeViewController.h */ = {isa = PBXFileReference; fileEncoding = 4; lastKnownFileType = sourcecode.c.h; path = StandardThemeViewController.h; sourceTree = "<group>"; };
		D4E3687314BFE98700E1E7CE /* StandardThemeViewController.m */ = {isa = PBXFileReference; fileEncoding = 4; lastKnownFileType = sourcecode.c.objc; path = StandardThemeViewController.m; sourceTree = "<group>"; };
		D4E3687414BFE98700E1E7CE /* StandardThemeViewController.xib */ = {isa = PBXFileReference; fileEncoding = 4; lastKnownFileType = file.xib; path = StandardThemeViewController.xib; sourceTree = "<group>"; };
		D4FDFA2A14B7A487001D06F1 /* Crysta.ttf */ = {isa = PBXFileReference; lastKnownFileType = file; path = Crysta.ttf; sourceTree = "<group>"; };
		D4FDFA2C14B7A487001D06F1 /* icon_fb.png */ = {isa = PBXFileReference; lastKnownFileType = image.png; path = icon_fb.png; sourceTree = "<group>"; };
		D4FDFA2D14B7A487001D06F1 /* icon_fb@2x.png */ = {isa = PBXFileReference; lastKnownFileType = image.png; path = "icon_fb@2x.png"; sourceTree = "<group>"; };
		D4FDFA2E14B7A487001D06F1 /* icon_sms.png */ = {isa = PBXFileReference; lastKnownFileType = image.png; path = icon_sms.png; sourceTree = "<group>"; };
		D4FDFA2F14B7A487001D06F1 /* icon_sms@2x.png */ = {isa = PBXFileReference; lastKnownFileType = image.png; path = "icon_sms@2x.png"; sourceTree = "<group>"; };
		D4FDFA3014B7A487001D06F1 /* icon_twitter.png */ = {isa = PBXFileReference; lastKnownFileType = image.png; path = icon_twitter.png; sourceTree = "<group>"; };
		D4FDFA3114B7A487001D06F1 /* icon_twitter@2x.png */ = {isa = PBXFileReference; lastKnownFileType = image.png; path = "icon_twitter@2x.png"; sourceTree = "<group>"; };
		D4FDFA3C14B7A487001D06F1 /* icon_measure.png */ = {isa = PBXFileReference; lastKnownFileType = image.png; path = icon_measure.png; sourceTree = "<group>"; };
		D4FDFA3D14B7A487001D06F1 /* icon_prefs.png */ = {isa = PBXFileReference; lastKnownFileType = image.png; path = icon_prefs.png; sourceTree = "<group>"; };
		D4FDFA3F14B7A487001D06F1 /* background_beer.png */ = {isa = PBXFileReference; lastKnownFileType = image.png; path = background_beer.png; sourceTree = "<group>"; };
		D4FDFA4014B7A487001D06F1 /* background_beer@2x.png */ = {isa = PBXFileReference; lastKnownFileType = image.png; path = "background_beer@2x.png"; sourceTree = "<group>"; };
		D4FDFA4114B7A487001D06F1 /* bar_green.png */ = {isa = PBXFileReference; lastKnownFileType = image.png; path = bar_green.png; sourceTree = "<group>"; };
		D4FDFA4214B7A487001D06F1 /* bar_green@2x.png */ = {isa = PBXFileReference; lastKnownFileType = image.png; path = "bar_green@2x.png"; sourceTree = "<group>"; };
		D4FDFA4314B7A487001D06F1 /* bar_lower.png */ = {isa = PBXFileReference; lastKnownFileType = image.png; path = bar_lower.png; sourceTree = "<group>"; };
		D4FDFA4414B7A487001D06F1 /* bar_lower@2x.png */ = {isa = PBXFileReference; lastKnownFileType = image.png; path = "bar_lower@2x.png"; sourceTree = "<group>"; };
		D4FDFA4514B7A487001D06F1 /* bar_red.png */ = {isa = PBXFileReference; lastKnownFileType = image.png; path = bar_red.png; sourceTree = "<group>"; };
		D4FDFA4614B7A487001D06F1 /* bar_red@2x.png */ = {isa = PBXFileReference; lastKnownFileType = image.png; path = "bar_red@2x.png"; sourceTree = "<group>"; };
		D4FDFA4714B7A487001D06F1 /* bar_upper.png */ = {isa = PBXFileReference; lastKnownFileType = image.png; path = bar_upper.png; sourceTree = "<group>"; };
		D4FDFA4814B7A487001D06F1 /* bar_upper@2x.png */ = {isa = PBXFileReference; lastKnownFileType = image.png; path = "bar_upper@2x.png"; sourceTree = "<group>"; };
		D4FDFA4914B7A487001D06F1 /* bar_yellow.png */ = {isa = PBXFileReference; lastKnownFileType = image.png; path = bar_yellow.png; sourceTree = "<group>"; };
		D4FDFA4A14B7A487001D06F1 /* bar_yellow@2x.png */ = {isa = PBXFileReference; lastKnownFileType = image.png; path = "bar_yellow@2x.png"; sourceTree = "<group>"; };
		D4FDFA4C14B7A487001D06F1 /* background.png */ = {isa = PBXFileReference; lastKnownFileType = image.png; path = background.png; sourceTree = "<group>"; };
		D4FDFA4D14B7A487001D06F1 /* background@2x.png */ = {isa = PBXFileReference; lastKnownFileType = image.png; path = "background@2x.png"; sourceTree = "<group>"; };
		D4FDFA4E14B7A487001D06F1 /* circle.png */ = {isa = PBXFileReference; lastKnownFileType = image.png; path = circle.png; sourceTree = "<group>"; };
		D4FDFA4F14B7A487001D06F1 /* circle@2x.png */ = {isa = PBXFileReference; lastKnownFileType = image.png; path = "circle@2x.png"; sourceTree = "<group>"; };
		D4FDFA5014B7A487001D06F1 /* info_box.png */ = {isa = PBXFileReference; lastKnownFileType = image.png; path = info_box.png; sourceTree = "<group>"; };
		D4FDFA5114B7A487001D06F1 /* info_box@2x.png */ = {isa = PBXFileReference; lastKnownFileType = image.png; path = "info_box@2x.png"; sourceTree = "<group>"; };
		D4FDFA5214B7A487001D06F1 /* message_box.png */ = {isa = PBXFileReference; lastKnownFileType = image.png; path = message_box.png; sourceTree = "<group>"; };
		D4FDFA5314B7A487001D06F1 /* message_box@2x.png */ = {isa = PBXFileReference; lastKnownFileType = image.png; path = "message_box@2x.png"; sourceTree = "<group>"; };
/* End PBXFileReference section */

/* Begin PBXFrameworksBuildPhase section */
		1D60588F0D05DD3D006BFB54 /* Frameworks */ = {
			isa = PBXFrameworksBuildPhase;
			buildActionMask = 2147483647;
			files = (
				D49F257A14C56B2F0076F50C /* Security.framework in Frameworks */,
				D49F256914C55F8A0076F50C /* QuartzCore.framework in Frameworks */,
				D44D54E114B66DFE005FCE7C /* CoreLocation.framework in Frameworks */,
				D44D54DC14B586F5005FCE7C /* Twitter.framework in Frameworks */,
				D44D54DA14B57889005FCE7C /* MessageUI.framework in Frameworks */,
				D4CE0CED1480A34A00425369 /* CoreData.framework in Frameworks */,
				1D60589F0D05DD5A006BFB54 /* Foundation.framework in Frameworks */,
				1DF5F4E00D08C38300B7A737 /* UIKit.framework in Frameworks */,
				288765590DF743DE002DB57D /* CoreGraphics.framework in Frameworks */,
				702E1D1D118D270B00141E6A /* AudioToolbox.framework in Frameworks */,
				7000540711E5FD1200ED71EB /* AVFoundation.framework in Frameworks */,
			);
			runOnlyForDeploymentPostprocessing = 0;
		};
/* End PBXFrameworksBuildPhase section */

/* Begin PBXGroup section */
		19C28FACFE9D520D11CA2CBB /* Products */ = {
			isa = PBXGroup;
			children = (
				70BA824C11BA507600005CF1 /* iDrank.app */,
			);
			name = Products;
			sourceTree = "<group>";
		};
		29B97314FDCFA39411CA2CEA /* CustomTemplate */ = {
			isa = PBXGroup;
			children = (
				D4AF79D714CB4C2C00938043 /* ding.aif */,
				D4AF79D914CB55C000938043 /* ding.mp3 */,
				D49F257914C56B2F0076F50C /* Security.framework */,
				D49F256814C55F8A0076F50C /* QuartzCore.framework */,
				D44D54E014B66DFE005FCE7C /* CoreLocation.framework */,
				D44D54DB14B586F5005FCE7C /* Twitter.framework */,
				D44D54D914B57888005FCE7C /* MessageUI.framework */,
				D4CE0CEC1480A34A00425369 /* CoreData.framework */,
				D49CBE5A147C93FC00468C36 /* Constants.h */,
				D4FDFA2414B7A487001D06F1 /* Images */,
				D44D54B114B52892005FCE7C /* FB Connect */,
				D44D544014B51526005FCE7C /* Classes */,
				29B97315FDCFA39411CA2CEA /* Other Sources */,
				29B97317FDCFA39411CA2CEA /* Resources */,
				29B97323FDCFA39411CA2CEA /* Frameworks */,
				19C28FACFE9D520D11CA2CBB /* Products */,
			);
			name = CustomTemplate;
			sourceTree = "<group>";
		};
		29B97315FDCFA39411CA2CEA /* Other Sources */ = {
			isa = PBXGroup;
			children = (
				32CA4F630368D1EE00C91783 /* iDrank_Prefix.pch */,
				29B97316FDCFA39411CA2CEA /* main.m */,
			);
			name = "Other Sources";
			sourceTree = "<group>";
		};
		29B97317FDCFA39411CA2CEA /* Resources */ = {
			isa = PBXGroup;
			children = (
				D450E75014847CCE00C11827 /* iDrank.xcdatamodel */,
				D49CBE75147C9E9400468C36 /* Crysta.ttf */,
				280E754C0DD40C5E005A515E /* MainWindow.xib */,
				8D1107310486CEB800E47090 /* iDrank-Info.plist */,
			);
			name = Resources;
			sourceTree = "<group>";
		};
		29B97323FDCFA39411CA2CEA /* Frameworks */ = {
			isa = PBXGroup;
			children = (
				7000540611E5FD1200ED71EB /* AVFoundation.framework */,
				702E1D1C118D270B00141E6A /* AudioToolbox.framework */,
				1DF5F4DF0D08C38300B7A737 /* UIKit.framework */,
				1D30AB110D05D00D00671497 /* Foundation.framework */,
				288765580DF743DE002DB57D /* CoreGraphics.framework */,
			);
			name = Frameworks;
			sourceTree = "<group>";
		};
		D4352E3A14BC2240002A4A57 /* Popup Views */ = {
			isa = PBXGroup;
			children = (
				D44711031519CB9D00694E81 /* ManualEntryPopupViewController.xib */,
				D44711041519CB9D00694E81 /* ManualEntryPopupViewController.m */,
				D44711051519CB9D00694E81 /* ManualEntryPopupViewController.h */,
				D44711061519CB9D00694E81 /* DisclaimerViewController.xib */,
				D44711071519CB9D00694E81 /* DisclaimerViewController.m */,
				D44711081519CB9D00694E81 /* DisclaimerViewController.h */,
				D4352E3514BC2237002A4A57 /* ProfileSelectionViewController.h */,
				D4352E3614BC2237002A4A57 /* ProfileSelectionViewController.m */,
				D4352E3714BC2237002A4A57 /* ProfileSelectionViewController.xib */,
				D46A40C414F3270D00EDF7DA /* InstructionsViewController.h */,
				D46A40C514F3270D00EDF7DA /* InstructionsViewController.m */,
				D46A40C614F3270D00EDF7DA /* InstructionsViewController.xib */,
			);
			name = "Popup Views";
			sourceTree = "<group>";
		};
		D44D544014B51526005FCE7C /* Classes */ = {
			isa = PBXGroup;
			children = (
				D44D544114B51526005FCE7C /* AppDelegate */,
				D44D544414B51526005FCE7C /* Controller */,
				D44D544914B51526005FCE7C /* Model */,
				D44D544C14B51526005FCE7C /* Support Classes */,
				D44D546914B51526005FCE7C /* View */,
			);
			path = Classes;
			sourceTree = "<group>";
		};
		D44D544114B51526005FCE7C /* AppDelegate */ = {
			isa = PBXGroup;
			children = (
				D44D544214B51526005FCE7C /* iDrankAppDelegate.h */,
				D44D544314B51526005FCE7C /* iDrankAppDelegate.m */,
			);
			path = AppDelegate;
			sourceTree = "<group>";
		};
		D44D544414B51526005FCE7C /* Controller */ = {
			isa = PBXGroup;
			children = (
				D4352E3114BC20F7002A4A57 /* UserController.h */,
				D4352E3214BC20F7002A4A57 /* UserController.m */,
				D44D544514B51526005FCE7C /* BACController.h */,
				D44D544614B51526005FCE7C /* BACController.m */,
				D44D544714B51526005FCE7C /* Theme.h */,
				D44D544814B51526005FCE7C /* Theme.m */,
				D44D54DD14B66DD9005FCE7C /* LocationController.h */,
				D44D54DE14B66DD9005FCE7C /* LocationController.m */,
				D448853514FCC5510051B241 /* FSKController.h */,
				D448853614FCC5510051B241 /* FSKController.m */,
			);
			path = Controller;
			sourceTree = "<group>";
		};
		D44D544914B51526005FCE7C /* Model */ = {
			isa = PBXGroup;
			children = (
				D44D544A14B51526005FCE7C /* BACEvent.h */,
				D44D544B14B51526005FCE7C /* BACEvent.m */,
				D44D549914B517DD005FCE7C /* BACStrings.plist */,
			);
			path = Model;
			sourceTree = "<group>";
		};
		D44D544C14B51526005FCE7C /* Support Classes */ = {
			isa = PBXGroup;
			children = (
				D44D544D14B51526005FCE7C /* AudioQueueObject.h */,
				D44D544E14B51526005FCE7C /* AudioQueueObject.m */,
				D44D544F14B51526005FCE7C /* AudioSignalAnalyzer.h */,
				D44D545014B51526005FCE7C /* AudioSignalAnalyzer.m */,
				D44D545114B51526005FCE7C /* AudioSignalGenerator.h */,
				D44D545214B51526005FCE7C /* AudioSignalGenerator.m */,
				D44D545314B51526005FCE7C /* aurio_helper.cpp */,
				D44D545414B51526005FCE7C /* aurio_helper.h */,
				D44D545514B51526005FCE7C /* CADebugMacros.cpp */,
				D44D545614B51526005FCE7C /* CADebugMacros.h */,
				D44D545714B51526005FCE7C /* CAMath.h */,
				D44D545814B51526005FCE7C /* CAStreamBasicDescription.cpp */,
				D44D545914B51526005FCE7C /* CAStreamBasicDescription.h */,
				D44D545A14B51526005FCE7C /* CAXException.cpp */,
				D44D545B14B51526005FCE7C /* CAXException.h */,
				D44D545C14B51526005FCE7C /* CharReceiver.h */,
				D44D545D14B51526005FCE7C /* FSKByteQueue.h */,
				D44D545E14B51526005FCE7C /* FSKModemConfig.h */,
				D44D545F14B51526005FCE7C /* FSKRecognizer.h */,
				D44D546014B51526005FCE7C /* FSKRecognizer.mm */,
				D44D546114B51526005FCE7C /* FSKSerialGenerator.h */,
				D44D546214B51526005FCE7C /* FSKSerialGenerator.mm */,
				D44D546314B51526005FCE7C /* HiJackMgr.h */,
				D44D546414B51526005FCE7C /* HiJackMgr.mm */,
				D44D546514B51526005FCE7C /* lockfree.h */,
				D44D546614B51526005FCE7C /* MultiDelegate.h */,
				D44D546714B51526005FCE7C /* MultiDelegate.m */,
				D44D546814B51526005FCE7C /* PatternRecognizer.h */,
			);
			path = "Support Classes";
			sourceTree = "<group>";
		};
		D44D546914B51526005FCE7C /* View */ = {
			isa = PBXGroup;
			children = (
				D4352E3A14BC2240002A4A57 /* Popup Views */,
				D44D546A14B51526005FCE7C /* MainView.xib */,
				D44D546B14B51526005FCE7C /* MainViewController.h */,
				D44D546C14B51526005FCE7C /* MainViewController.m */,
				D44D546E14B51526005FCE7C /* MeasureViewController.h */,
				D44D546F14B51526005FCE7C /* MeasureViewController.m */,
				D44D547114B51526005FCE7C /* PrefsViewController.h */,
				D44D547214B51526005FCE7C /* PrefsViewController.m */,
				D44D547314B51526005FCE7C /* PrefsViewController.xib */,
				D44D547414B51526005FCE7C /* ReadingsViewController.h */,
				D44D547514B51526005FCE7C /* ReadingsViewController.m */,
				D44D547614B51526005FCE7C /* ReadingsViewController.xib */,
				D44D547714B51526005FCE7C /* StatusBar.h */,
				D44D547814B51526005FCE7C /* StatusBar.m */,
				D44D547914B51526005FCE7C /* StatusBar.xib */,
				D44D547A14B51526005FCE7C /* Themes */,
				D476E4E514BCCC1700BFB38E /* ReadingsTableViewCell.h */,
				D476E4E614BCCC1700BFB38E /* ReadingsTableViewCell.m */,
				D476E4E714BCCC1700BFB38E /* ReadingsTableViewCell.xib */,
			);
			path = View;
			sourceTree = "<group>";
		};
		D44D547A14B51526005FCE7C /* Themes */ = {
			isa = PBXGroup;
			children = (
				D4E3687214BFE98700E1E7CE /* StandardThemeViewController.h */,
				D4E3687314BFE98700E1E7CE /* StandardThemeViewController.m */,
				D4E3687414BFE98700E1E7CE /* StandardThemeViewController.xib */,
				D4B172F314C253DC00D41047 /* CollegeThemeViewController.h */,
				D4B172F414C253DD00D41047 /* CollegeThemeViewController.m */,
				D471D22014C259F3008694C1 /* CollegeThemeViewController.xib */,
			);
			path = Themes;
			sourceTree = "<group>";
		};
		D44D54B114B52892005FCE7C /* FB Connect */ = {
			isa = PBXGroup;
			children = (
				D44D54B214B52892005FCE7C /* Facebook.h */,
				D44D54B314B52892005FCE7C /* Facebook.m */,
				D44D54B414B52892005FCE7C /* FBConnect.h */,
				D44D54B514B52892005FCE7C /* FBDialog.bundle */,
				D44D54B614B52892005FCE7C /* FBDialog.h */,
				D44D54B714B52892005FCE7C /* FBDialog.m */,
				D44D54B814B52892005FCE7C /* FBLoginDialog.h */,
				D44D54B914B52892005FCE7C /* FBLoginDialog.m */,
				D44D54BA14B52892005FCE7C /* FBRequest.h */,
				D44D54BB14B52892005FCE7C /* FBRequest.m */,
				D44D54BC14B52892005FCE7C /* JSON */,
			);
			name = "FB Connect";
			path = "Classes/FB Connect";
			sourceTree = "<group>";
		};
		D44D54BC14B52892005FCE7C /* JSON */ = {
			isa = PBXGroup;
			children = (
				D44D54BD14B52892005FCE7C /* JSON.h */,
				D44D54BE14B52892005FCE7C /* NSObject+SBJSON.h */,
				D44D54BF14B52892005FCE7C /* NSObject+SBJSON.m */,
				D44D54C014B52892005FCE7C /* NSString+SBJSON.h */,
				D44D54C114B52892005FCE7C /* NSString+SBJSON.m */,
				D44D54C214B52892005FCE7C /* SBJSON.h */,
				D44D54C314B52892005FCE7C /* SBJSON.m */,
				D44D54C414B52892005FCE7C /* SBJsonBase.h */,
				D44D54C514B52892005FCE7C /* SBJsonBase.m */,
				D44D54C614B52892005FCE7C /* SBJsonParser.h */,
				D44D54C714B52892005FCE7C /* SBJsonParser.m */,
				D44D54C814B52892005FCE7C /* SBJsonWriter.h */,
				D44D54C914B52892005FCE7C /* SBJsonWriter.m */,
			);
			path = JSON;
			sourceTree = "<group>";
		};
		D476E4FA14BCCFF200BFB38E /* Readings */ = {
			isa = PBXGroup;
			children = (
				D476E4FB14BCCFF200BFB38E /* tableCell_background.png */,
				D476E4FC14BCCFF200BFB38E /* tableCell_background@2x.png */,
			);
			path = Readings;
			sourceTree = "<group>";
		};
		D49013F514D54327002FE178 /* App */ = {
			isa = PBXGroup;
			children = (
				D4A477C8153A19B8000D584F /* button.png */,
				D4A477C9153A19B8000D584F /* button@2x.png */,
				D4A477CA153A19B8000D584F /* Default.png */,
				D4A477CB153A19B8000D584F /* iBreathalyzerPro_512.png */,
				D49013F614D54327002FE178 /* Default.png */,
				D49013F714D54327002FE178 /* Default@2x.png */,
				D49013F814D54327002FE178 /* Icon.png */,
				D49013F914D54327002FE178 /* Icon@2x.png */,
			);
			path = App;
			sourceTree = "<group>";
		};
		D49013FA14D54327002FE178 /* StatusBar */ = {
			isa = PBXGroup;
			children = (
				D49013FB14D54327002FE178 /* icon_headphone_jack.png */,
				D49013FC14D54327002FE178 /* icon_headphone_jack@2x.png */,
				D49013FD14D54327002FE178 /* icon_location.png */,
				D49013FE14D54327002FE178 /* icon_location@2x.png */,
				D49013FF14D54327002FE178 /* icon_name.png */,
				D490140014D54327002FE178 /* icon_name@2x.png */,
				D490140114D54327002FE178 /* icon_profile.png */,
				D490140214D54327002FE178 /* icon_profile@2x.png */,
				D490140314D54327002FE178 /* Sensor_disabled.png */,
				D490140414D54327002FE178 /* Sensor_disabled@2x.png */,
				D490140514D54327002FE178 /* Sensor_enabled.png */,
				D490140614D54327002FE178 /* Sensor_enabled@2x.png */,
				D490140714D54327002FE178 /* status_bar.png */,
				D490140814D54327002FE178 /* status_bar@2x.png */,
			);
			path = StatusBar;
			sourceTree = "<group>";
		};
		D4DA5050152298500002EE51 /* Preferences */ = {
			isa = PBXGroup;
			children = (
				D4DA5051152298500002EE51 /* college.png */,
				D4DA5052152298500002EE51 /* college@2x.png */,
				D4DA5053152298500002EE51 /* kickstarter.png */,
				D4DA5054152298500002EE51 /* kickstarter@2x.png */,
				D4DA5055152298500002EE51 /* speedo.png */,
				D4DA5056152298500002EE51 /* speedo@2x.png */,
				D4DA5057152298500002EE51 /* standard.png */,
				D4DA5058152298500002EE51 /* standard@2x.png */,
			);
			path = Preferences;
			sourceTree = "<group>";
		};
		D4E3686114BFE67E00E1E7CE /* Theme_Speedometer */ = {
			isa = PBXGroup;
			children = (
				D49F257B14C56BD60076F50C /* background_speedometer.png */,
				D49F257C14C56BD60076F50C /* background_speedometer@2x.png */,
				D49F255D14C55D500076F50C /* gauge.png */,
				D49F255E14C55D500076F50C /* gauge@2x.png */,
				D49F255F14C55D500076F50C /* needle.png */,
				D49F256014C55D500076F50C /* needle@2x.png */,
			);
			path = Theme_Speedometer;
			sourceTree = "<group>";
		};
		D4FDFA2414B7A487001D06F1 /* Images */ = {
			isa = PBXGroup;
			children = (
				D4DA5050152298500002EE51 /* Preferences */,
				D49013F514D54327002FE178 /* App */,
				D49013FA14D54327002FE178 /* StatusBar */,
				D4E3686114BFE67E00E1E7CE /* Theme_Speedometer */,
				D476E4FA14BCCFF200BFB38E /* Readings */,
				D4FDFA2A14B7A487001D06F1 /* Crysta.ttf */,
				D4FDFA2B14B7A487001D06F1 /* Share */,
				D4FDFA3B14B7A487001D06F1 /* TabBar */,
				D4FDFA3E14B7A487001D06F1 /* Theme_College */,
				D4FDFA4B14B7A487001D06F1 /* Theme_Standard */,
			);
			path = Images;
			sourceTree = "<group>";
		};
		D4FDFA2B14B7A487001D06F1 /* Share */ = {
			isa = PBXGroup;
			children = (
				D4FDFA2C14B7A487001D06F1 /* icon_fb.png */,
				D4FDFA2D14B7A487001D06F1 /* icon_fb@2x.png */,
				D4FDFA2E14B7A487001D06F1 /* icon_sms.png */,
				D4FDFA2F14B7A487001D06F1 /* icon_sms@2x.png */,
				D4FDFA3014B7A487001D06F1 /* icon_twitter.png */,
				D4FDFA3114B7A487001D06F1 /* icon_twitter@2x.png */,
			);
			path = Share;
			sourceTree = "<group>";
		};
		D4FDFA3B14B7A487001D06F1 /* TabBar */ = {
			isa = PBXGroup;
			children = (
				D4FDFA3C14B7A487001D06F1 /* icon_measure.png */,
				D4FDFA3D14B7A487001D06F1 /* icon_prefs.png */,
			);
			path = TabBar;
			sourceTree = "<group>";
		};
		D4FDFA3E14B7A487001D06F1 /* Theme_College */ = {
			isa = PBXGroup;
			children = (
				D4FDFA3F14B7A487001D06F1 /* background_beer.png */,
				D4FDFA4014B7A487001D06F1 /* background_beer@2x.png */,
				D4FDFA4114B7A487001D06F1 /* bar_green.png */,
				D4FDFA4214B7A487001D06F1 /* bar_green@2x.png */,
				D4FDFA4314B7A487001D06F1 /* bar_lower.png */,
				D4FDFA4414B7A487001D06F1 /* bar_lower@2x.png */,
				D4FDFA4514B7A487001D06F1 /* bar_red.png */,
				D4FDFA4614B7A487001D06F1 /* bar_red@2x.png */,
				D4FDFA4714B7A487001D06F1 /* bar_upper.png */,
				D4FDFA4814B7A487001D06F1 /* bar_upper@2x.png */,
				D4FDFA4914B7A487001D06F1 /* bar_yellow.png */,
				D4FDFA4A14B7A487001D06F1 /* bar_yellow@2x.png */,
			);
			path = Theme_College;
			sourceTree = "<group>";
		};
		D4FDFA4B14B7A487001D06F1 /* Theme_Standard */ = {
			isa = PBXGroup;
			children = (
				D4FDFA4C14B7A487001D06F1 /* background.png */,
				D4FDFA4D14B7A487001D06F1 /* background@2x.png */,
				D4FDFA4E14B7A487001D06F1 /* circle.png */,
				D4FDFA4F14B7A487001D06F1 /* circle@2x.png */,
				D4FDFA5014B7A487001D06F1 /* info_box.png */,
				D4FDFA5114B7A487001D06F1 /* info_box@2x.png */,
				D4FDFA5214B7A487001D06F1 /* message_box.png */,
				D4FDFA5314B7A487001D06F1 /* message_box@2x.png */,
			);
			path = Theme_Standard;
			sourceTree = "<group>";
		};
/* End PBXGroup section */

/* Begin PBXNativeTarget section */
		1D6058900D05DD3D006BFB54 /* iDrank */ = {
			isa = PBXNativeTarget;
			buildConfigurationList = 1D6058960D05DD3E006BFB54 /* Build configuration list for PBXNativeTarget "iDrank" */;
			buildPhases = (
				1D60588D0D05DD3D006BFB54 /* Resources */,
				1D60588E0D05DD3D006BFB54 /* Sources */,
				1D60588F0D05DD3D006BFB54 /* Frameworks */,
			);
			buildRules = (
			);
			dependencies = (
			);
			name = iDrank;
			productName = MultiTrigger;
			productReference = 70BA824C11BA507600005CF1 /* iDrank.app */;
			productType = "com.apple.product-type.application";
		};
/* End PBXNativeTarget section */

/* Begin PBXProject section */
		29B97313FDCFA39411CA2CEA /* Project object */ = {
			isa = PBXProject;
			attributes = {
				LastUpgradeCheck = 0420;
			};
			buildConfigurationList = C01FCF4E08A954540054247B /* Build configuration list for PBXProject "iDrank" */;
			compatibilityVersion = "Xcode 3.2";
			developmentRegion = English;
			hasScannedForEncodings = 1;
			knownRegions = (
				English,
				Japanese,
				French,
				German,
				en,
			);
			mainGroup = 29B97314FDCFA39411CA2CEA /* CustomTemplate */;
			projectDirPath = "";
			projectRoot = "";
			targets = (
				1D6058900D05DD3D006BFB54 /* iDrank */,
			);
		};
/* End PBXProject section */

/* Begin PBXResourcesBuildPhase section */
		1D60588D0D05DD3D006BFB54 /* Resources */ = {
			isa = PBXResourcesBuildPhase;
			buildActionMask = 2147483647;
			files = (
				280E754F0DD40C5E005A515E /* MainWindow.xib in Resources */,
				D49CBE76147C9E9400468C36 /* Crysta.ttf in Resources */,
				D44D548C14B51526005FCE7C /* MainView.xib in Resources */,
				D44D549214B51526005FCE7C /* PrefsViewController.xib in Resources */,
				D44D549414B51526005FCE7C /* ReadingsViewController.xib in Resources */,
				D44D549614B51526005FCE7C /* StatusBar.xib in Resources */,
				D44D549A14B517DD005FCE7C /* BACStrings.plist in Resources */,
				D44D54CB14B52892005FCE7C /* FBDialog.bundle in Resources */,
				D4FDFA5814B7A487001D06F1 /* Crysta.ttf in Resources */,
				D4FDFA5914B7A487001D06F1 /* icon_fb.png in Resources */,
				D4FDFA5A14B7A487001D06F1 /* icon_fb@2x.png in Resources */,
				D4FDFA5B14B7A487001D06F1 /* icon_sms.png in Resources */,
				D4FDFA5C14B7A487001D06F1 /* icon_sms@2x.png in Resources */,
				D4FDFA5D14B7A487001D06F1 /* icon_twitter.png in Resources */,
				D4FDFA5E14B7A487001D06F1 /* icon_twitter@2x.png in Resources */,
				D4FDFA6714B7A487001D06F1 /* icon_measure.png in Resources */,
				D4FDFA6814B7A487001D06F1 /* icon_prefs.png in Resources */,
				D4FDFA6914B7A487001D06F1 /* background_beer.png in Resources */,
				D4FDFA6A14B7A487001D06F1 /* background_beer@2x.png in Resources */,
				D4FDFA6B14B7A487001D06F1 /* bar_green.png in Resources */,
				D4FDFA6C14B7A487001D06F1 /* bar_green@2x.png in Resources */,
				D4FDFA6D14B7A487001D06F1 /* bar_lower.png in Resources */,
				D4FDFA6E14B7A487001D06F1 /* bar_lower@2x.png in Resources */,
				D4FDFA6F14B7A487001D06F1 /* bar_red.png in Resources */,
				D4FDFA7014B7A487001D06F1 /* bar_red@2x.png in Resources */,
				D4FDFA7114B7A487001D06F1 /* bar_upper.png in Resources */,
				D4FDFA7214B7A487001D06F1 /* bar_upper@2x.png in Resources */,
				D4FDFA7314B7A487001D06F1 /* bar_yellow.png in Resources */,
				D4FDFA7414B7A487001D06F1 /* bar_yellow@2x.png in Resources */,
				D4FDFA7514B7A487001D06F1 /* background.png in Resources */,
				D4FDFA7614B7A487001D06F1 /* background@2x.png in Resources */,
				D4FDFA7714B7A487001D06F1 /* circle.png in Resources */,
				D4FDFA7814B7A487001D06F1 /* circle@2x.png in Resources */,
				D4FDFA7914B7A487001D06F1 /* info_box.png in Resources */,
				D4FDFA7A14B7A487001D06F1 /* info_box@2x.png in Resources */,
				D4FDFA7B14B7A487001D06F1 /* message_box.png in Resources */,
				D4FDFA7C14B7A487001D06F1 /* message_box@2x.png in Resources */,
				D4352E3914BC2237002A4A57 /* ProfileSelectionViewController.xib in Resources */,
				D476E4E914BCCC1700BFB38E /* ReadingsTableViewCell.xib in Resources */,
				D476E4FD14BCCFF200BFB38E /* tableCell_background.png in Resources */,
				D476E4FE14BCCFF200BFB38E /* tableCell_background@2x.png in Resources */,
				D4E3687614BFE98700E1E7CE /* StandardThemeViewController.xib in Resources */,
				D471D22114C259F3008694C1 /* CollegeThemeViewController.xib in Resources */,
				D49F256314C55D500076F50C /* gauge.png in Resources */,
				D49F256414C55D500076F50C /* gauge@2x.png in Resources */,
				D49F256514C55D500076F50C /* needle.png in Resources */,
				D49F256614C55D500076F50C /* needle@2x.png in Resources */,
				D49F257D14C56BD60076F50C /* background_speedometer.png in Resources */,
				D49F257E14C56BD60076F50C /* background_speedometer@2x.png in Resources */,
				D4AF79D814CB4C2C00938043 /* ding.aif in Resources */,
				D4AF79DA14CB55C000938043 /* ding.mp3 in Resources */,
				D490140914D54327002FE178 /* Default.png in Resources */,
				D490140A14D54327002FE178 /* Default@2x.png in Resources */,
				D490140B14D54327002FE178 /* Icon.png in Resources */,
				D490140C14D54327002FE178 /* Icon@2x.png in Resources */,
				D490140D14D54327002FE178 /* icon_headphone_jack.png in Resources */,
				D490140E14D54327002FE178 /* icon_headphone_jack@2x.png in Resources */,
				D490140F14D54327002FE178 /* icon_location.png in Resources */,
				D490141014D54327002FE178 /* icon_location@2x.png in Resources */,
				D490141114D54327002FE178 /* icon_name.png in Resources */,
				D490141214D54327002FE178 /* icon_name@2x.png in Resources */,
				D490141314D54327002FE178 /* icon_profile.png in Resources */,
				D490141414D54327002FE178 /* icon_profile@2x.png in Resources */,
				D490141514D54327002FE178 /* Sensor_disabled.png in Resources */,
				D490141614D54327002FE178 /* Sensor_disabled@2x.png in Resources */,
				D490141714D54327002FE178 /* Sensor_enabled.png in Resources */,
				D490141814D54327002FE178 /* Sensor_enabled@2x.png in Resources */,
				D490141914D54327002FE178 /* status_bar.png in Resources */,
				D490141A14D54327002FE178 /* status_bar@2x.png in Resources */,
				D46A40C814F3270D00EDF7DA /* InstructionsViewController.xib in Resources */,
				D44711091519CB9D00694E81 /* ManualEntryPopupViewController.xib in Resources */,
				D447110B1519CB9D00694E81 /* DisclaimerViewController.xib in Resources */,
				D4DA5059152298500002EE51 /* college.png in Resources */,
				D4DA505A152298500002EE51 /* college@2x.png in Resources */,
				D4DA505B152298500002EE51 /* kickstarter.png in Resources */,
				D4DA505C152298500002EE51 /* kickstarter@2x.png in Resources */,
				D4DA505D152298500002EE51 /* speedo.png in Resources */,
				D4DA505E152298500002EE51 /* speedo@2x.png in Resources */,
				D4DA505F152298500002EE51 /* standard.png in Resources */,
				D4DA5060152298500002EE51 /* standard@2x.png in Resources */,
				D4A477CC153A19B8000D584F /* button.png in Resources */,
				D4A477CD153A19B8000D584F /* button@2x.png in Resources */,
				D4A477CE153A19B8000D584F /* Default.png in Resources */,
				D4A477CF153A19B8000D584F /* iBreathalyzerPro_512.png in Resources */,
			);
			runOnlyForDeploymentPostprocessing = 0;
		};
/* End PBXResourcesBuildPhase section */

/* Begin PBXSourcesBuildPhase section */
		1D60588E0D05DD3D006BFB54 /* Sources */ = {
			isa = PBXSourcesBuildPhase;
			buildActionMask = 2147483647;
			files = (
				1D60589B0D05DD56006BFB54 /* main.m in Sources */,
				D450E75114847CCE00C11827 /* iDrank.xcdatamodel in Sources */,
				D44D547D14B51526005FCE7C /* iDrankAppDelegate.m in Sources */,
				D44D547E14B51526005FCE7C /* BACController.m in Sources */,
				D44D547F14B51526005FCE7C /* Theme.m in Sources */,
				D44D548014B51526005FCE7C /* BACEvent.m in Sources */,
				D44D548114B51526005FCE7C /* AudioQueueObject.m in Sources */,
				D44D548214B51526005FCE7C /* AudioSignalAnalyzer.m in Sources */,
				D44D548314B51526005FCE7C /* AudioSignalGenerator.m in Sources */,
				D44D548414B51526005FCE7C /* aurio_helper.cpp in Sources */,
				D44D548514B51526005FCE7C /* CADebugMacros.cpp in Sources */,
				D44D548614B51526005FCE7C /* CAStreamBasicDescription.cpp in Sources */,
				D44D548714B51526005FCE7C /* CAXException.cpp in Sources */,
				D44D548814B51526005FCE7C /* FSKRecognizer.mm in Sources */,
				D44D548914B51526005FCE7C /* FSKSerialGenerator.mm in Sources */,
				D44D548A14B51526005FCE7C /* HiJackMgr.mm in Sources */,
				D44D548B14B51526005FCE7C /* MultiDelegate.m in Sources */,
				D44D548D14B51526005FCE7C /* MainViewController.m in Sources */,
				D44D548F14B51526005FCE7C /* MeasureViewController.m in Sources */,
				D44D549114B51526005FCE7C /* PrefsViewController.m in Sources */,
				D44D549314B51526005FCE7C /* ReadingsViewController.m in Sources */,
				D44D549514B51526005FCE7C /* StatusBar.m in Sources */,
				D44D54CA14B52892005FCE7C /* Facebook.m in Sources */,
				D44D54CC14B52892005FCE7C /* FBDialog.m in Sources */,
				D44D54CD14B52892005FCE7C /* FBLoginDialog.m in Sources */,
				D44D54CE14B52892005FCE7C /* FBRequest.m in Sources */,
				D44D54CF14B52892005FCE7C /* NSObject+SBJSON.m in Sources */,
				D44D54D014B52892005FCE7C /* NSString+SBJSON.m in Sources */,
				D44D54D114B52892005FCE7C /* SBJSON.m in Sources */,
				D44D54D214B52892005FCE7C /* SBJsonBase.m in Sources */,
				D44D54D314B52892005FCE7C /* SBJsonParser.m in Sources */,
				D44D54D414B52892005FCE7C /* SBJsonWriter.m in Sources */,
				D44D54DF14B66DD9005FCE7C /* LocationController.m in Sources */,
				D4352E3314BC20F7002A4A57 /* UserController.m in Sources */,
				D4352E3814BC2237002A4A57 /* ProfileSelectionViewController.m in Sources */,
				D476E4E814BCCC1700BFB38E /* ReadingsTableViewCell.m in Sources */,
				D4E3687514BFE98700E1E7CE /* StandardThemeViewController.m in Sources */,
				D4B172F614C253DD00D41047 /* CollegeThemeViewController.m in Sources */,
				D46A40C714F3270D00EDF7DA /* InstructionsViewController.m in Sources */,
				D448853714FCC5510051B241 /* FSKController.m in Sources */,
				D447110A1519CB9D00694E81 /* ManualEntryPopupViewController.m in Sources */,
				D447110C1519CB9D00694E81 /* DisclaimerViewController.m in Sources */,
			);
			runOnlyForDeploymentPostprocessing = 0;
		};
/* End PBXSourcesBuildPhase section */

/* Begin XCBuildConfiguration section */
		1D6058940D05DD3E006BFB54 /* Debug */ = {
			isa = XCBuildConfiguration;
			buildSettings = {
				ALWAYS_SEARCH_USER_PATHS = NO;
				"CODE_SIGN_IDENTITY[sdk=iphoneos*]" = "iPhone Developer";
				COPY_PHASE_STRIP = NO;
				GCC_DYNAMIC_NO_PIC = NO;
				GCC_OPTIMIZATION_LEVEL = 3;
				GCC_PRECOMPILE_PREFIX_HEADER = YES;
				GCC_PREFIX_HEADER = iDrank_Prefix.pch;
				INFOPLIST_FILE = "iDrank-Info.plist";
				IPHONEOS_DEPLOYMENT_TARGET = 4.0;
				LIBRARY_SEARCH_PATHS = (
					"$(inherited)",
					"\"$(SRCROOT)\"",
					"\"$(SRCROOT)/../../../Library/Developer/Xcode/DerivedData/iDrankWorkspace-efttroryetqeikcsndwnqtrcitrv/Build/Products/Debug-iphoneos\"",
				);
				OTHER_LDFLAGS = "";
				PRODUCT_NAME = iDrank;
				"PROVISIONING_PROFILE[sdk=iphoneos*]" = "";
				SDKROOT = iphoneos;
			};
			name = Debug;
		};
		1D6058950D05DD3E006BFB54 /* Release */ = {
			isa = XCBuildConfiguration;
			buildSettings = {
				ALWAYS_SEARCH_USER_PATHS = NO;
				COPY_PHASE_STRIP = YES;
				GCC_PRECOMPILE_PREFIX_HEADER = YES;
				GCC_PREFIX_HEADER = iDrank_Prefix.pch;
				INFOPLIST_FILE = "iDrank-Info.plist";
				LIBRARY_SEARCH_PATHS = (
					"$(inherited)",
					"\"$(SRCROOT)\"",
					"\"$(SRCROOT)/../../../Library/Developer/Xcode/DerivedData/iDrankWorkspace-efttroryetqeikcsndwnqtrcitrv/Build/Products/Debug-iphoneos\"",
				);
				OTHER_LDFLAGS = "";
				PRODUCT_NAME = iDrank;
				SDKROOT = iphoneos;
				VALIDATE_PRODUCT = YES;
			};
			name = Release;
		};
		C01FCF4F08A954540054247B /* Debug */ = {
			isa = XCBuildConfiguration;
			buildSettings = {
				ARCHS = "$(ARCHS_STANDARD_32_BIT)";
				CLANG_ENABLE_OBJC_ARC = NO;
				CLANG_WARN_OBJCPP_ARC_ABI = NO;
				"CODE_SIGN_IDENTITY[sdk=iphoneos*]" = "iPhone Developer";
				GCC_C_LANGUAGE_STANDARD = c99;
				GCC_OPTIMIZATION_LEVEL = 3;
				GCC_SYMBOLS_PRIVATE_EXTERN = YES;
				GCC_THUMB_SUPPORT = NO;
				GCC_VERSION = "";
				GCC_WARN_ABOUT_RETURN_TYPE = YES;
				GCC_WARN_UNUSED_VARIABLE = YES;
				OTHER_CFLAGS = "";
				OTHER_LDFLAGS = (
					"-ObjC",
					"-all_load",
				);
				PREBINDING = NO;
				PRODUCT_NAME = iDrank;
				"PROVISIONING_PROFILE[sdk=iphoneos*]" = "";
				SDKROOT = iphoneos;
				USER_HEADER_SEARCH_PATHS = "$(BUILD_PRODUCTS_DIR)/HiJack/**";
			};
			name = Debug;
		};
		C01FCF5008A954540054247B /* Release */ = {
			isa = XCBuildConfiguration;
			buildSettings = {
				ARCHS = "$(ARCHS_STANDARD_32_BIT)";
				CLANG_ENABLE_OBJC_ARC = NO;
				CLANG_WARN_OBJCPP_ARC_ABI = NO;
				"CODE_SIGN_IDENTITY[sdk=iphoneos*]" = "iPhone Developer";
				GCC_C_LANGUAGE_STANDARD = c99;
				GCC_OPTIMIZATION_LEVEL = s;
				GCC_SYMBOLS_PRIVATE_EXTERN = YES;
				GCC_THUMB_SUPPORT = NO;
				GCC_VERSION = "";
				GCC_WARN_ABOUT_RETURN_TYPE = YES;
				GCC_WARN_UNUSED_VARIABLE = YES;
				OTHER_CFLAGS = "";
				OTHER_LDFLAGS = (
					"-ObjC",
					"-all_load",
				);
				PREBINDING = NO;
				PRODUCT_NAME = iDrank;
				SDKROOT = iphoneos;
				USER_HEADER_SEARCH_PATHS = "$(BUILD_PRODUCTS_DIR)/HiJack/**";
			};
			name = Release;
		};
/* End XCBuildConfiguration section */

/* Begin XCConfigurationList section */
		1D6058960D05DD3E006BFB54 /* Build configuration list for PBXNativeTarget "iDrank" */ = {
			isa = XCConfigurationList;
			buildConfigurations = (
				1D6058940D05DD3E006BFB54 /* Debug */,
				1D6058950D05DD3E006BFB54 /* Release */,
			);
			defaultConfigurationIsVisible = 0;
			defaultConfigurationName = Release;
		};
		C01FCF4E08A954540054247B /* Build configuration list for PBXProject "iDrank" */ = {
			isa = XCConfigurationList;
			buildConfigurations = (
				C01FCF4F08A954540054247B /* Debug */,
				C01FCF5008A954540054247B /* Release */,
			);
			defaultConfigurationIsVisible = 0;
			defaultConfigurationName = Release;
		};
/* End XCConfigurationList section */
	};
	rootObject = 29B97313FDCFA39411CA2CEA /* Project object */;
}
